// !$*UTF8*$!
{
	archiveVersion = 1;
	classes = {
	};
	objectVersion = 50;
	objects = {

/* Begin PBXBuildFile section */
		04E2578422FDC8580008EA09 /* AppDelegate.swift in Sources */ = {isa = PBXBuildFile; fileRef = 04E2578322FDC8580008EA09 /* AppDelegate.swift */; };
		04E2578622FDC8580008EA09 /* ViewController.swift in Sources */ = {isa = PBXBuildFile; fileRef = 04E2578522FDC8580008EA09 /* ViewController.swift */; };
		04E2578922FDC8580008EA09 /* Main.storyboard in Resources */ = {isa = PBXBuildFile; fileRef = 04E2578722FDC8580008EA09 /* Main.storyboard */; };
		04E2578B22FDC8590008EA09 /* Assets.xcassets in Resources */ = {isa = PBXBuildFile; fileRef = 04E2578A22FDC8590008EA09 /* Assets.xcassets */; };
		04E2578E22FDC8590008EA09 /* LaunchScreen.storyboard in Resources */ = {isa = PBXBuildFile; fileRef = 04E2578C22FDC8590008EA09 /* LaunchScreen.storyboard */; };
		04E2579922FDC8590008EA09 /* ElementalTests.swift in Sources */ = {isa = PBXBuildFile; fileRef = 04E2579822FDC8590008EA09 /* ElementalTests.swift */; };
		04E257A422FDC8590008EA09 /* ElementalUITests.swift in Sources */ = {isa = PBXBuildFile; fileRef = 04E257A322FDC8590008EA09 /* ElementalUITests.swift */; };
		04E257B222FDCB340008EA09 /* NextViewController.swift in Sources */ = {isa = PBXBuildFile; fileRef = 04E257B122FDCB340008EA09 /* NextViewController.swift */; };
/* End PBXBuildFile section */

/* Begin PBXContainerItemProxy section */
		04E2579522FDC8590008EA09 /* PBXContainerItemProxy */ = {
			isa = PBXContainerItemProxy;
			containerPortal = 04E2577822FDC8580008EA09 /* Project object */;
			proxyType = 1;
			remoteGlobalIDString = 04E2577F22FDC8580008EA09;
			remoteInfo = Elemental;
		};
		04E257A022FDC8590008EA09 /* PBXContainerItemProxy */ = {
			isa = PBXContainerItemProxy;
			containerPortal = 04E2577822FDC8580008EA09 /* Project object */;
			proxyType = 1;
			remoteGlobalIDString = 04E2577F22FDC8580008EA09;
			remoteInfo = Elemental;
		};
/* End PBXContainerItemProxy section */

/* Begin PBXFileReference section */
		04E2578022FDC8580008EA09 /* Elemental.app */ = {isa = PBXFileReference; explicitFileType = wrapper.application; includeInIndex = 0; path = Elemental.app; sourceTree = BUILT_PRODUCTS_DIR; };
		04E2578322FDC8580008EA09 /* AppDelegate.swift */ = {isa = PBXFileReference; lastKnownFileType = sourcecode.swift; path = AppDelegate.swift; sourceTree = "<group>"; };
		04E2578522FDC8580008EA09 /* ViewController.swift */ = {isa = PBXFileReference; lastKnownFileType = sourcecode.swift; path = ViewController.swift; sourceTree = "<group>"; };
		04E2578822FDC8580008EA09 /* Base */ = {isa = PBXFileReference; lastKnownFileType = file.storyboard; name = Base; path = Base.lproj/Main.storyboard; sourceTree = "<group>"; };
		04E2578A22FDC8590008EA09 /* Assets.xcassets */ = {isa = PBXFileReference; lastKnownFileType = folder.assetcatalog; path = Assets.xcassets; sourceTree = "<group>"; };
		04E2578D22FDC8590008EA09 /* Base */ = {isa = PBXFileReference; lastKnownFileType = file.storyboard; name = Base; path = Base.lproj/LaunchScreen.storyboard; sourceTree = "<group>"; };
		04E2578F22FDC8590008EA09 /* Info.plist */ = {isa = PBXFileReference; lastKnownFileType = text.plist.xml; path = Info.plist; sourceTree = "<group>"; };
		04E2579422FDC8590008EA09 /* ElementalTests.xctest */ = {isa = PBXFileReference; explicitFileType = wrapper.cfbundle; includeInIndex = 0; path = ElementalTests.xctest; sourceTree = BUILT_PRODUCTS_DIR; };
		04E2579822FDC8590008EA09 /* ElementalTests.swift */ = {isa = PBXFileReference; lastKnownFileType = sourcecode.swift; path = ElementalTests.swift; sourceTree = "<group>"; };
		04E2579A22FDC8590008EA09 /* Info.plist */ = {isa = PBXFileReference; lastKnownFileType = text.plist.xml; path = Info.plist; sourceTree = "<group>"; };
		04E2579F22FDC8590008EA09 /* ElementalUITests.xctest */ = {isa = PBXFileReference; explicitFileType = wrapper.cfbundle; includeInIndex = 0; path = ElementalUITests.xctest; sourceTree = BUILT_PRODUCTS_DIR; };
		04E257A322FDC8590008EA09 /* ElementalUITests.swift */ = {isa = PBXFileReference; lastKnownFileType = sourcecode.swift; path = ElementalUITests.swift; sourceTree = "<group>"; };
		04E257A522FDC8590008EA09 /* Info.plist */ = {isa = PBXFileReference; lastKnownFileType = text.plist.xml; path = Info.plist; sourceTree = "<group>"; };
		04E257B122FDCB340008EA09 /* NextViewController.swift */ = {isa = PBXFileReference; lastKnownFileType = sourcecode.swift; path = NextViewController.swift; sourceTree = "<group>"; };
/* End PBXFileReference section */

/* Begin PBXFrameworksBuildPhase section */
		04E2577D22FDC8580008EA09 /* Frameworks */ = {
			isa = PBXFrameworksBuildPhase;
			buildActionMask = 2147483647;
			files = (
			);
			runOnlyForDeploymentPostprocessing = 0;
		};
		04E2579122FDC8590008EA09 /* Frameworks */ = {
			isa = PBXFrameworksBuildPhase;
			buildActionMask = 2147483647;
			files = (
			);
			runOnlyForDeploymentPostprocessing = 0;
		};
		04E2579C22FDC8590008EA09 /* Frameworks */ = {
			isa = PBXFrameworksBuildPhase;
			buildActionMask = 2147483647;
			files = (
			);
			runOnlyForDeploymentPostprocessing = 0;
		};
/* End PBXFrameworksBuildPhase section */

/* Begin PBXGroup section */
		04E2577722FDC8580008EA09 = {
			isa = PBXGroup;
			children = (
				04E2578222FDC8580008EA09 /* Elemental */,
				04E2579722FDC8590008EA09 /* ElementalTests */,
				04E257A222FDC8590008EA09 /* ElementalUITests */,
				04E2578122FDC8580008EA09 /* Products */,
			);
			sourceTree = "<group>";
		};
		04E2578122FDC8580008EA09 /* Products */ = {
			isa = PBXGroup;
			children = (
				04E2578022FDC8580008EA09 /* Elemental.app */,
				04E2579422FDC8590008EA09 /* ElementalTests.xctest */,
				04E2579F22FDC8590008EA09 /* ElementalUITests.xctest */,
			);
			name = Products;
			sourceTree = "<group>";
		};
		04E2578222FDC8580008EA09 /* Elemental */ = {
			isa = PBXGroup;
			children = (
				04E2578322FDC8580008EA09 /* AppDelegate.swift */,
				04E2578522FDC8580008EA09 /* ViewController.swift */,
				04E2578722FDC8580008EA09 /* Main.storyboard */,
				04E2578A22FDC8590008EA09 /* Assets.xcassets */,
				04E2578C22FDC8590008EA09 /* LaunchScreen.storyboard */,
				04E2578F22FDC8590008EA09 /* Info.plist */,
				04E257B122FDCB340008EA09 /* NextViewController.swift */,
			);
			path = Elemental;
			sourceTree = "<group>";
		};
		04E2579722FDC8590008EA09 /* ElementalTests */ = {
			isa = PBXGroup;
			children = (
				04E2579822FDC8590008EA09 /* ElementalTests.swift */,
				04E2579A22FDC8590008EA09 /* Info.plist */,
			);
			path = ElementalTests;
			sourceTree = "<group>";
		};
		04E257A222FDC8590008EA09 /* ElementalUITests */ = {
			isa = PBXGroup;
			children = (
				04E257A322FDC8590008EA09 /* ElementalUITests.swift */,
				04E257A522FDC8590008EA09 /* Info.plist */,
			);
			path = ElementalUITests;
			sourceTree = "<group>";
		};
/* End PBXGroup section */

/* Begin PBXNativeTarget section */
		04E2577F22FDC8580008EA09 /* Elemental */ = {
			isa = PBXNativeTarget;
			buildConfigurationList = 04E257A822FDC8590008EA09 /* Build configuration list for PBXNativeTarget "Elemental" */;
			buildPhases = (
				04E2577C22FDC8580008EA09 /* Sources */,
				04E2577D22FDC8580008EA09 /* Frameworks */,
				04E2577E22FDC8580008EA09 /* Resources */,
			);
			buildRules = (
			);
			dependencies = (
			);
			name = Elemental;
			productName = Elemental;
			productReference = 04E2578022FDC8580008EA09 /* Elemental.app */;
			productType = "com.apple.product-type.application";
		};
		04E2579322FDC8590008EA09 /* ElementalTests */ = {
			isa = PBXNativeTarget;
			buildConfigurationList = 04E257AB22FDC8590008EA09 /* Build configuration list for PBXNativeTarget "ElementalTests" */;
			buildPhases = (
				04E2579022FDC8590008EA09 /* Sources */,
				04E2579122FDC8590008EA09 /* Frameworks */,
				04E2579222FDC8590008EA09 /* Resources */,
			);
			buildRules = (
			);
			dependencies = (
				04E2579622FDC8590008EA09 /* PBXTargetDependency */,
			);
			name = ElementalTests;
			productName = ElementalTests;
			productReference = 04E2579422FDC8590008EA09 /* ElementalTests.xctest */;
			productType = "com.apple.product-type.bundle.unit-test";
		};
		04E2579E22FDC8590008EA09 /* ElementalUITests */ = {
			isa = PBXNativeTarget;
			buildConfigurationList = 04E257AE22FDC8590008EA09 /* Build configuration list for PBXNativeTarget "ElementalUITests" */;
			buildPhases = (
				04E2579B22FDC8590008EA09 /* Sources */,
				04E2579C22FDC8590008EA09 /* Frameworks */,
				04E2579D22FDC8590008EA09 /* Resources */,
			);
			buildRules = (
			);
			dependencies = (
				04E257A122FDC8590008EA09 /* PBXTargetDependency */,
			);
			name = ElementalUITests;
			productName = ElementalUITests;
			productReference = 04E2579F22FDC8590008EA09 /* ElementalUITests.xctest */;
			productType = "com.apple.product-type.bundle.ui-testing";
		};
/* End PBXNativeTarget section */

/* Begin PBXProject section */
		04E2577822FDC8580008EA09 /* Project object */ = {
			isa = PBXProject;
			attributes = {
				LastSwiftUpdateCheck = 1030;
				LastUpgradeCheck = 1030;
				ORGANIZATIONNAME = MCS;
				TargetAttributes = {
					04E2577F22FDC8580008EA09 = {
						CreatedOnToolsVersion = 10.3;
					};
					04E2579322FDC8590008EA09 = {
						CreatedOnToolsVersion = 10.3;
						TestTargetID = 04E2577F22FDC8580008EA09;
					};
					04E2579E22FDC8590008EA09 = {
						CreatedOnToolsVersion = 10.3;
						TestTargetID = 04E2577F22FDC8580008EA09;
					};
				};
			};
			buildConfigurationList = 04E2577B22FDC8580008EA09 /* Build configuration list for PBXProject "Elemental" */;
			compatibilityVersion = "Xcode 9.3";
			developmentRegion = en;
			hasScannedForEncodings = 0;
			knownRegions = (
				en,
				Base,
			);
			mainGroup = 04E2577722FDC8580008EA09;
			productRefGroup = 04E2578122FDC8580008EA09 /* Products */;
			projectDirPath = "";
			projectRoot = "";
			targets = (
				04E2577F22FDC8580008EA09 /* Elemental */,
				04E2579322FDC8590008EA09 /* ElementalTests */,
				04E2579E22FDC8590008EA09 /* ElementalUITests */,
			);
		};
/* End PBXProject section */

/* Begin PBXResourcesBuildPhase section */
		04E2577E22FDC8580008EA09 /* Resources */ = {
			isa = PBXResourcesBuildPhase;
			buildActionMask = 2147483647;
			files = (
				04E2578E22FDC8590008EA09 /* LaunchScreen.storyboard in Resources */,
				04E2578B22FDC8590008EA09 /* Assets.xcassets in Resources */,
				04E2578922FDC8580008EA09 /* Main.storyboard in Resources */,
			);
			runOnlyForDeploymentPostprocessing = 0;
		};
		04E2579222FDC8590008EA09 /* Resources */ = {
			isa = PBXResourcesBuildPhase;
			buildActionMask = 2147483647;
			files = (
			);
			runOnlyForDeploymentPostprocessing = 0;
		};
		04E2579D22FDC8590008EA09 /* Resources */ = {
			isa = PBXResourcesBuildPhase;
			buildActionMask = 2147483647;
			files = (
			);
			runOnlyForDeploymentPostprocessing = 0;
		};
/* End PBXResourcesBuildPhase section */

/* Begin PBXSourcesBuildPhase section */
		04E2577C22FDC8580008EA09 /* Sources */ = {
			isa = PBXSourcesBuildPhase;
			buildActionMask = 2147483647;
			files = (
				04E2578622FDC8580008EA09 /* ViewController.swift in Sources */,
				04E257B222FDCB340008EA09 /* NextViewController.swift in Sources */,
				04E2578422FDC8580008EA09 /* AppDelegate.swift in Sources */,
			);
			runOnlyForDeploymentPostprocessing = 0;
		};
		04E2579022FDC8590008EA09 /* Sources */ = {
			isa = PBXSourcesBuildPhase;
			buildActionMask = 2147483647;
			files = (
				04E2579922FDC8590008EA09 /* ElementalTests.swift in Sources */,
			);
			runOnlyForDeploymentPostprocessing = 0;
		};
		04E2579B22FDC8590008EA09 /* Sources */ = {
			isa = PBXSourcesBuildPhase;
			buildActionMask = 2147483647;
			files = (
				04E257A422FDC8590008EA09 /* ElementalUITests.swift in Sources */,
			);
			runOnlyForDeploymentPostprocessing = 0;
		};
/* End PBXSourcesBuildPhase section */

/* Begin PBXTargetDependency section */
		04E2579622FDC8590008EA09 /* PBXTargetDependency */ = {
			isa = PBXTargetDependency;
			target = 04E2577F22FDC8580008EA09 /* Elemental */;
			targetProxy = 04E2579522FDC8590008EA09 /* PBXContainerItemProxy */;
		};
		04E257A122FDC8590008EA09 /* PBXTargetDependency */ = {
			isa = PBXTargetDependency;
			target = 04E2577F22FDC8580008EA09 /* Elemental */;
			targetProxy = 04E257A022FDC8590008EA09 /* PBXContainerItemProxy */;
		};
/* End PBXTargetDependency section */

/* Begin PBXVariantGroup section */
		04E2578722FDC8580008EA09 /* Main.storyboard */ = {
			isa = PBXVariantGroup;
			children = (
				04E2578822FDC8580008EA09 /* Base */,
			);
			name = Main.storyboard;
			sourceTree = "<group>";
		};
		04E2578C22FDC8590008EA09 /* LaunchScreen.storyboard */ = {
			isa = PBXVariantGroup;
			children = (
				04E2578D22FDC8590008EA09 /* Base */,
			);
			name = LaunchScreen.storyboard;
			sourceTree = "<group>";
		};
/* End PBXVariantGroup section */

/* Begin XCBuildConfiguration section */
		04E257A622FDC8590008EA09 /* Debug */ = {
			isa = XCBuildConfiguration;
			buildSettings = {
				ALWAYS_SEARCH_USER_PATHS = NO;
				CLANG_ANALYZER_NONNULL = YES;
				CLANG_ANALYZER_NUMBER_OBJECT_CONVERSION = YES_AGGRESSIVE;
				CLANG_CXX_LANGUAGE_STANDARD = "gnu++14";
				CLANG_CXX_LIBRARY = "libc++";
				CLANG_ENABLE_MODULES = YES;
				CLANG_ENABLE_OBJC_ARC = YES;
				CLANG_ENABLE_OBJC_WEAK = YES;
				CLANG_WARN_BLOCK_CAPTURE_AUTORELEASING = YES;
				CLANG_WARN_BOOL_CONVERSION = YES;
				CLANG_WARN_COMMA = YES;
				CLANG_WARN_CONSTANT_CONVERSION = YES;
				CLANG_WARN_DEPRECATED_OBJC_IMPLEMENTATIONS = YES;
				CLANG_WARN_DIRECT_OBJC_ISA_USAGE = YES_ERROR;
				CLANG_WARN_DOCUMENTATION_COMMENTS = YES;
				CLANG_WARN_EMPTY_BODY = YES;
				CLANG_WARN_ENUM_CONVERSION = YES;
				CLANG_WARN_INFINITE_RECURSION = YES;
				CLANG_WARN_INT_CONVERSION = YES;
				CLANG_WARN_NON_LITERAL_NULL_CONVERSION = YES;
				CLANG_WARN_OBJC_IMPLICIT_RETAIN_SELF = YES;
				CLANG_WARN_OBJC_LITERAL_CONVERSION = YES;
				CLANG_WARN_OBJC_ROOT_CLASS = YES_ERROR;
				CLANG_WARN_RANGE_LOOP_ANALYSIS = YES;
				CLANG_WARN_STRICT_PROTOTYPES = YES;
				CLANG_WARN_SUSPICIOUS_MOVE = YES;
				CLANG_WARN_UNGUARDED_AVAILABILITY = YES_AGGRESSIVE;
				CLANG_WARN_UNREACHABLE_CODE = YES;
				CLANG_WARN__DUPLICATE_METHOD_MATCH = YES;
				CODE_SIGN_IDENTITY = "iPhone Developer";
				COPY_PHASE_STRIP = NO;
				DEBUG_INFORMATION_FORMAT = dwarf;
				ENABLE_STRICT_OBJC_MSGSEND = YES;
				ENABLE_TESTABILITY = YES;
				GCC_C_LANGUAGE_STANDARD = gnu11;
				GCC_DYNAMIC_NO_PIC = NO;
				GCC_NO_COMMON_BLOCKS = YES;
				GCC_OPTIMIZATION_LEVEL = 0;
				GCC_PREPROCESSOR_DEFINITIONS = (
					"DEBUG=1",
					"$(inherited)",
				);
				GCC_WARN_64_TO_32_BIT_CONVERSION = YES;
				GCC_WARN_ABOUT_RETURN_TYPE = YES_ERROR;
				GCC_WARN_UNDECLARED_SELECTOR = YES;
				GCC_WARN_UNINITIALIZED_AUTOS = YES_AGGRESSIVE;
				GCC_WARN_UNUSED_FUNCTION = YES;
				GCC_WARN_UNUSED_VARIABLE = YES;
				IPHONEOS_DEPLOYMENT_TARGET = 12.4;
				MTL_ENABLE_DEBUG_INFO = INCLUDE_SOURCE;
				MTL_FAST_MATH = YES;
				ONLY_ACTIVE_ARCH = YES;
				SDKROOT = iphoneos;
				SWIFT_ACTIVE_COMPILATION_CONDITIONS = DEBUG;
				SWIFT_OPTIMIZATION_LEVEL = "-Onone";
			};
			name = Debug;
		};
		04E257A722FDC8590008EA09 /* Release */ = {
			isa = XCBuildConfiguration;
			buildSettings = {
				ALWAYS_SEARCH_USER_PATHS = NO;
				CLANG_ANALYZER_NONNULL = YES;
				CLANG_ANALYZER_NUMBER_OBJECT_CONVERSION = YES_AGGRESSIVE;
				CLANG_CXX_LANGUAGE_STANDARD = "gnu++14";
				CLANG_CXX_LIBRARY = "libc++";
				CLANG_ENABLE_MODULES = YES;
				CLANG_ENABLE_OBJC_ARC = YES;
				CLANG_ENABLE_OBJC_WEAK = YES;
				CLANG_WARN_BLOCK_CAPTURE_AUTORELEASING = YES;
				CLANG_WARN_BOOL_CONVERSION = YES;
				CLANG_WARN_COMMA = YES;
				CLANG_WARN_CONSTANT_CONVERSION = YES;
				CLANG_WARN_DEPRECATED_OBJC_IMPLEMENTATIONS = YES;
				CLANG_WARN_DIRECT_OBJC_ISA_USAGE = YES_ERROR;
				CLANG_WARN_DOCUMENTATION_COMMENTS = YES;
				CLANG_WARN_EMPTY_BODY = YES;
				CLANG_WARN_ENUM_CONVERSION = YES;
				CLANG_WARN_INFINITE_RECURSION = YES;
				CLANG_WARN_INT_CONVERSION = YES;
				CLANG_WARN_NON_LITERAL_NULL_CONVERSION = YES;
				CLANG_WARN_OBJC_IMPLICIT_RETAIN_SELF = YES;
				CLANG_WARN_OBJC_LITERAL_CONVERSION = YES;
				CLANG_WARN_OBJC_ROOT_CLASS = YES_ERROR;
				CLANG_WARN_RANGE_LOOP_ANALYSIS = YES;
				CLANG_WARN_STRICT_PROTOTYPES = YES;
				CLANG_WARN_SUSPICIOUS_MOVE = YES;
				CLANG_WARN_UNGUARDED_AVAILABILITY = YES_AGGRESSIVE;
				CLANG_WARN_UNREACHABLE_CODE = YES;
				CLANG_WARN__DUPLICATE_METHOD_MATCH = YES;
				CODE_SIGN_IDENTITY = "iPhone Developer";
				COPY_PHASE_STRIP = NO;
				DEBUG_INFORMATION_FORMAT = "dwarf-with-dsym";
				ENABLE_NS_ASSERTIONS = NO;
				ENABLE_STRICT_OBJC_MSGSEND = YES;
				GCC_C_LANGUAGE_STANDARD = gnu11;
				GCC_NO_COMMON_BLOCKS = YES;
				GCC_WARN_64_TO_32_BIT_CONVERSION = YES;
				GCC_WARN_ABOUT_RETURN_TYPE = YES_ERROR;
				GCC_WARN_UNDECLARED_SELECTOR = YES;
				GCC_WARN_UNINITIALIZED_AUTOS = YES_AGGRESSIVE;
				GCC_WARN_UNUSED_FUNCTION = YES;
				GCC_WARN_UNUSED_VARIABLE = YES;
				IPHONEOS_DEPLOYMENT_TARGET = 12.4;
				MTL_ENABLE_DEBUG_INFO = NO;
				MTL_FAST_MATH = YES;
				SDKROOT = iphoneos;
				SWIFT_COMPILATION_MODE = wholemodule;
				SWIFT_OPTIMIZATION_LEVEL = "-O";
				VALIDATE_PRODUCT = YES;
			};
			name = Release;
		};
		04E257A922FDC8590008EA09 /* Debug */ = {
			isa = XCBuildConfiguration;
			buildSettings = {
				ASSETCATALOG_COMPILER_APPICON_NAME = AppIcon;
				CODE_SIGN_STYLE = Automatic;
				INFOPLIST_FILE = Elemental/Info.plist;
				LD_RUNPATH_SEARCH_PATHS = (
					"$(inherited)",
					"@executable_path/Frameworks",
				);
				PRODUCT_BUNDLE_IDENTIFIER = Z.K.Elemental;
				PRODUCT_NAME = "$(TARGET_NAME)";
				SWIFT_VERSION = 5.0;
				TARGETED_DEVICE_FAMILY = "1,2";
			};
			name = Debug;
		};
		04E257AA22FDC8590008EA09 /* Release */ = {
			isa = XCBuildConfiguration;
			buildSettings = {
				ASSETCATALOG_COMPILER_APPICON_NAME = AppIcon;
				CODE_SIGN_STYLE = Automatic;
				INFOPLIST_FILE = Elemental/Info.plist;
				LD_RUNPATH_SEARCH_PATHS = (
					"$(inherited)",
					"@executable_path/Frameworks",
				);
				PRODUCT_BUNDLE_IDENTIFIER = Z.K.Elemental;
				PRODUCT_NAME = "$(TARGET_NAME)";
				SWIFT_VERSION = 5.0;
				TARGETED_DEVICE_FAMILY = "1,2";
			};
			name = Release;
		};
		04E257AC22FDC8590008EA09 /* Debug */ = {
			isa = XCBuildConfiguration;
			buildSettings = {
				ALWAYS_EMBED_SWIFT_STANDARD_LIBRARIES = YES;
				BUNDLE_LOADER = "$(TEST_HOST)";
				CODE_SIGN_STYLE = Automatic;
				INFOPLIST_FILE = ElementalTests/Info.plist;
				LD_RUNPATH_SEARCH_PATHS = (
					"$(inherited)",
					"@executable_path/Frameworks",
					"@loader_path/Frameworks",
				);
				PRODUCT_BUNDLE_IDENTIFIER = Z.K.ElementalTests;
				PRODUCT_NAME = "$(TARGET_NAME)";
				SWIFT_VERSION = 5.0;
				TARGETED_DEVICE_FAMILY = "1,2";
				TEST_HOST = "$(BUILT_PRODUCTS_DIR)/Elemental.app/Elemental";
			};
			name = Debug;
		};
		04E257AD22FDC8590008EA09 /* Release */ = {
			isa = XCBuildConfiguration;
			buildSettings = {
				ALWAYS_EMBED_SWIFT_STANDARD_LIBRARIES = YES;
				BUNDLE_LOADER = "$(TEST_HOST)";
				CODE_SIGN_STYLE = Automatic;
				INFOPLIST_FILE = ElementalTests/Info.plist;
				LD_RUNPATH_SEARCH_PATHS = (
					"$(inherited)",
					"@executable_path/Frameworks",
					"@loader_path/Frameworks",
				);
				PRODUCT_BUNDLE_IDENTIFIER = Z.K.ElementalTests;
				PRODUCT_NAME = "$(TARGET_NAME)";
				SWIFT_VERSION = 5.0;
				TARGETED_DEVICE_FAMILY = "1,2";
				TEST_HOST = "$(BUILT_PRODUCTS_DIR)/Elemental.app/Elemental";
			};
			name = Release;
		};
		04E257AF22FDC8590008EA09 /* Debug */ = {
			isa = XCBuildConfiguration;
			buildSettings = {
				ALWAYS_EMBED_SWIFT_STANDARD_LIBRARIES = YES;
				CODE_SIGN_STYLE = Automatic;
				INFOPLIST_FILE = ElementalUITests/Info.plist;
				LD_RUNPATH_SEARCH_PATHS = (
					"$(inherited)",
					"@executable_path/Frameworks",
					"@loader_path/Frameworks",
				);
				PRODUCT_BUNDLE_IDENTIFIER = Z.K.ElementalUITests;
				PRODUCT_NAME = "$(TARGET_NAME)";
				SWIFT_VERSION = 5.0;
				TARGETED_DEVICE_FAMILY = "1,2";
				TEST_TARGET_NAME = Elemental;
			};
			name = Debug;
		};
		04E257B022FDC8590008EA09 /* Release */ = {
			isa = XCBuildConfiguration;
			buildSettings = {
				ALWAYS_EMBED_SWIFT_STANDARD_LIBRARIES = YES;
				CODE_SIGN_STYLE = Automatic;
				INFOPLIST_FILE = ElementalUITests/Info.plist;
				LD_RUNPATH_SEARCH_PATHS = (
					"$(inherited)",
					"@executable_path/Frameworks",
					"@loader_path/Frameworks",
				);
				PRODUCT_BUNDLE_IDENTIFIER = Z.K.ElementalUITests;
				PRODUCT_NAME = "$(TARGET_NAME)";
				SWIFT_VERSION = 5.0;
				TARGETED_DEVICE_FAMILY = "1,2";
				TEST_TARGET_NAME = Elemental;
			};
			name = Release;
		};
/* End XCBuildConfiguration section */

/* Begin XCConfigurationList section */
		04E2577B22FDC8580008EA09 /* Build configuration list for PBXProject "Elemental" */ = {
			isa = XCConfigurationList;
			buildConfigurations = (
				04E257A622FDC8590008EA09 /* Debug */,
				04E257A722FDC8590008EA09 /* Release */,
			);
			defaultConfigurationIsVisible = 0;
			defaultConfigurationName = Release;
		};
		04E257A822FDC8590008EA09 /* Build configuration list for PBXNativeTarget "Elemental" */ = {
			isa = XCConfigurationList;
			buildConfigurations = (
				04E257A922FDC8590008EA09 /* Debug */,
				04E257AA22FDC8590008EA09 /* Release */,
			);
			defaultConfigurationIsVisible = 0;
			defaultConfigurationName = Release;
		};
		04E257AB22FDC8590008EA09 /* Build configuration list for PBXNativeTarget "ElementalTests" */ = {
			isa = XCConfigurationList;
			buildConfigurations = (
				04E257AC22FDC8590008EA09 /* Debug */,
				04E257AD22FDC8590008EA09 /* Release */,
			);
			defaultConfigurationIsVisible = 0;
			defaultConfigurationName = Release;
		};
		04E257AE22FDC8590008EA09 /* Build configuration list for PBXNativeTarget "ElementalUITests" */ = {
			isa = XCConfigurationList;
			buildConfigurations = (
				04E257AF22FDC8590008EA09 /* Debug */,
				04E257B022FDC8590008EA09 /* Release */,
			);
			defaultConfigurationIsVisible = 0;
			defaultConfigurationName = Release;
		};
/* End XCConfigurationList section */
	};
	rootObject = 04E2577822FDC8580008EA09 /* Project object */;
}
