// !$*UTF8*$!
{
	archiveVersion = 1;
	classes = {
	};
	objectVersion = 50;
	objects = {

/* Begin PBXBuildFile section */
		04A76129230446CB001143CF /* AppDelegate.swift in Sources */ = {isa = PBXBuildFile; fileRef = 04A76128230446CB001143CF /* AppDelegate.swift */; };
		04A7612B230446CB001143CF /* ViewController.swift in Sources */ = {isa = PBXBuildFile; fileRef = 04A7612A230446CB001143CF /* ViewController.swift */; };
		04A7612E230446CB001143CF /* Main.storyboard in Resources */ = {isa = PBXBuildFile; fileRef = 04A7612C230446CB001143CF /* Main.storyboard */; };
		04A76130230446CE001143CF /* Assets.xcassets in Resources */ = {isa = PBXBuildFile; fileRef = 04A7612F230446CE001143CF /* Assets.xcassets */; };
		04A76133230446CE001143CF /* LaunchScreen.storyboard in Resources */ = {isa = PBXBuildFile; fileRef = 04A76131230446CE001143CF /* LaunchScreen.storyboard */; };
		04A7613E230446CE001143CF /* SingletonTests.swift in Sources */ = {isa = PBXBuildFile; fileRef = 04A7613D230446CE001143CF /* SingletonTests.swift */; };
		04A76149230446CE001143CF /* SingletonUITests.swift in Sources */ = {isa = PBXBuildFile; fileRef = 04A76148230446CE001143CF /* SingletonUITests.swift */; };
/* End PBXBuildFile section */

/* Begin PBXContainerItemProxy section */
		04A7613A230446CE001143CF /* PBXContainerItemProxy */ = {
			isa = PBXContainerItemProxy;
			containerPortal = 04A7611D230446CB001143CF /* Project object */;
			proxyType = 1;
			remoteGlobalIDString = 04A76124230446CB001143CF;
			remoteInfo = Singleton;
		};
		04A76145230446CE001143CF /* PBXContainerItemProxy */ = {
			isa = PBXContainerItemProxy;
			containerPortal = 04A7611D230446CB001143CF /* Project object */;
			proxyType = 1;
			remoteGlobalIDString = 04A76124230446CB001143CF;
			remoteInfo = Singleton;
		};
/* End PBXContainerItemProxy section */

/* Begin PBXFileReference section */
		04A76125230446CB001143CF /* Singleton.app */ = {isa = PBXFileReference; explicitFileType = wrapper.application; includeInIndex = 0; path = Singleton.app; sourceTree = BUILT_PRODUCTS_DIR; };
		04A76128230446CB001143CF /* AppDelegate.swift */ = {isa = PBXFileReference; lastKnownFileType = sourcecode.swift; path = AppDelegate.swift; sourceTree = "<group>"; };
		04A7612A230446CB001143CF /* ViewController.swift */ = {isa = PBXFileReference; lastKnownFileType = sourcecode.swift; path = ViewController.swift; sourceTree = "<group>"; };
		04A7612D230446CB001143CF /* Base */ = {isa = PBXFileReference; lastKnownFileType = file.storyboard; name = Base; path = Base.lproj/Main.storyboard; sourceTree = "<group>"; };
		04A7612F230446CE001143CF /* Assets.xcassets */ = {isa = PBXFileReference; lastKnownFileType = folder.assetcatalog; path = Assets.xcassets; sourceTree = "<group>"; };
		04A76132230446CE001143CF /* Base */ = {isa = PBXFileReference; lastKnownFileType = file.storyboard; name = Base; path = Base.lproj/LaunchScreen.storyboard; sourceTree = "<group>"; };
		04A76134230446CE001143CF /* Info.plist */ = {isa = PBXFileReference; lastKnownFileType = text.plist.xml; path = Info.plist; sourceTree = "<group>"; };
		04A76139230446CE001143CF /* SingletonTests.xctest */ = {isa = PBXFileReference; explicitFileType = wrapper.cfbundle; includeInIndex = 0; path = SingletonTests.xctest; sourceTree = BUILT_PRODUCTS_DIR; };
		04A7613D230446CE001143CF /* SingletonTests.swift */ = {isa = PBXFileReference; lastKnownFileType = sourcecode.swift; path = SingletonTests.swift; sourceTree = "<group>"; };
		04A7613F230446CE001143CF /* Info.plist */ = {isa = PBXFileReference; lastKnownFileType = text.plist.xml; path = Info.plist; sourceTree = "<group>"; };
		04A76144230446CE001143CF /* SingletonUITests.xctest */ = {isa = PBXFileReference; explicitFileType = wrapper.cfbundle; includeInIndex = 0; path = SingletonUITests.xctest; sourceTree = BUILT_PRODUCTS_DIR; };
		04A76148230446CE001143CF /* SingletonUITests.swift */ = {isa = PBXFileReference; lastKnownFileType = sourcecode.swift; path = SingletonUITests.swift; sourceTree = "<group>"; };
		04A7614A230446CE001143CF /* Info.plist */ = {isa = PBXFileReference; lastKnownFileType = text.plist.xml; path = Info.plist; sourceTree = "<group>"; };
/* End PBXFileReference section */

/* Begin PBXFrameworksBuildPhase section */
		04A76122230446CB001143CF /* Frameworks */ = {
			isa = PBXFrameworksBuildPhase;
			buildActionMask = 2147483647;
			files = (
			);
			runOnlyForDeploymentPostprocessing = 0;
		};
		04A76136230446CE001143CF /* Frameworks */ = {
			isa = PBXFrameworksBuildPhase;
			buildActionMask = 2147483647;
			files = (
			);
			runOnlyForDeploymentPostprocessing = 0;
		};
		04A76141230446CE001143CF /* Frameworks */ = {
			isa = PBXFrameworksBuildPhase;
			buildActionMask = 2147483647;
			files = (
			);
			runOnlyForDeploymentPostprocessing = 0;
		};
/* End PBXFrameworksBuildPhase section */

/* Begin PBXGroup section */
		04A7611C230446CB001143CF = {
			isa = PBXGroup;
			children = (
				04A76127230446CB001143CF /* Singleton */,
				04A7613C230446CE001143CF /* SingletonTests */,
				04A76147230446CE001143CF /* SingletonUITests */,
				04A76126230446CB001143CF /* Products */,
			);
			sourceTree = "<group>";
		};
		04A76126230446CB001143CF /* Products */ = {
			isa = PBXGroup;
			children = (
				04A76125230446CB001143CF /* Singleton.app */,
				04A76139230446CE001143CF /* SingletonTests.xctest */,
				04A76144230446CE001143CF /* SingletonUITests.xctest */,
			);
			name = Products;
			sourceTree = "<group>";
		};
		04A76127230446CB001143CF /* Singleton */ = {
			isa = PBXGroup;
			children = (
				04A76128230446CB001143CF /* AppDelegate.swift */,
				04A7612A230446CB001143CF /* ViewController.swift */,
				04A7612C230446CB001143CF /* Main.storyboard */,
				04A7612F230446CE001143CF /* Assets.xcassets */,
				04A76131230446CE001143CF /* LaunchScreen.storyboard */,
				04A76134230446CE001143CF /* Info.plist */,
			);
			path = Singleton;
			sourceTree = "<group>";
		};
		04A7613C230446CE001143CF /* SingletonTests */ = {
			isa = PBXGroup;
			children = (
				04A7613D230446CE001143CF /* SingletonTests.swift */,
				04A7613F230446CE001143CF /* Info.plist */,
			);
			path = SingletonTests;
			sourceTree = "<group>";
		};
		04A76147230446CE001143CF /* SingletonUITests */ = {
			isa = PBXGroup;
			children = (
				04A76148230446CE001143CF /* SingletonUITests.swift */,
				04A7614A230446CE001143CF /* Info.plist */,
			);
			path = SingletonUITests;
			sourceTree = "<group>";
		};
/* End PBXGroup section */

/* Begin PBXNativeTarget section */
		04A76124230446CB001143CF /* Singleton */ = {
			isa = PBXNativeTarget;
			buildConfigurationList = 04A7614D230446CE001143CF /* Build configuration list for PBXNativeTarget "Singleton" */;
			buildPhases = (
				04A76121230446CB001143CF /* Sources */,
				04A76122230446CB001143CF /* Frameworks */,
				04A76123230446CB001143CF /* Resources */,
			);
			buildRules = (
			);
			dependencies = (
			);
			name = Singleton;
			productName = Singleton;
			productReference = 04A76125230446CB001143CF /* Singleton.app */;
			productType = "com.apple.product-type.application";
		};
		04A76138230446CE001143CF /* SingletonTests */ = {
			isa = PBXNativeTarget;
			buildConfigurationList = 04A76150230446CE001143CF /* Build configuration list for PBXNativeTarget "SingletonTests" */;
			buildPhases = (
				04A76135230446CE001143CF /* Sources */,
				04A76136230446CE001143CF /* Frameworks */,
				04A76137230446CE001143CF /* Resources */,
			);
			buildRules = (
			);
			dependencies = (
				04A7613B230446CE001143CF /* PBXTargetDependency */,
			);
			name = SingletonTests;
			productName = SingletonTests;
			productReference = 04A76139230446CE001143CF /* SingletonTests.xctest */;
			productType = "com.apple.product-type.bundle.unit-test";
		};
		04A76143230446CE001143CF /* SingletonUITests */ = {
			isa = PBXNativeTarget;
			buildConfigurationList = 04A76153230446CE001143CF /* Build configuration list for PBXNativeTarget "SingletonUITests" */;
			buildPhases = (
				04A76140230446CE001143CF /* Sources */,
				04A76141230446CE001143CF /* Frameworks */,
				04A76142230446CE001143CF /* Resources */,
			);
			buildRules = (
			);
			dependencies = (
				04A76146230446CE001143CF /* PBXTargetDependency */,
			);
			name = SingletonUITests;
			productName = SingletonUITests;
			productReference = 04A76144230446CE001143CF /* SingletonUITests.xctest */;
			productType = "com.apple.product-type.bundle.ui-testing";
		};
/* End PBXNativeTarget section */

/* Begin PBXProject section */
		04A7611D230446CB001143CF /* Project object */ = {
			isa = PBXProject;
			attributes = {
				LastSwiftUpdateCheck = 1030;
				LastUpgradeCheck = 1030;
				ORGANIZATIONNAME = MCS;
				TargetAttributes = {
					04A76124230446CB001143CF = {
						CreatedOnToolsVersion = 10.3;
					};
					04A76138230446CE001143CF = {
						CreatedOnToolsVersion = 10.3;
						TestTargetID = 04A76124230446CB001143CF;
					};
					04A76143230446CE001143CF = {
						CreatedOnToolsVersion = 10.3;
						TestTargetID = 04A76124230446CB001143CF;
					};
				};
			};
			buildConfigurationList = 04A76120230446CB001143CF /* Build configuration list for PBXProject "Singleton" */;
			compatibilityVersion = "Xcode 9.3";
			developmentRegion = en;
			hasScannedForEncodings = 0;
			knownRegions = (
				en,
				Base,
			);
			mainGroup = 04A7611C230446CB001143CF;
			productRefGroup = 04A76126230446CB001143CF /* Products */;
			projectDirPath = "";
			projectRoot = "";
			targets = (
				04A76124230446CB001143CF /* Singleton */,
				04A76138230446CE001143CF /* SingletonTests */,
				04A76143230446CE001143CF /* SingletonUITests */,
			);
		};
/* End PBXProject section */

/* Begin PBXResourcesBuildPhase section */
		04A76123230446CB001143CF /* Resources */ = {
			isa = PBXResourcesBuildPhase;
			buildActionMask = 2147483647;
			files = (
				04A76133230446CE001143CF /* LaunchScreen.storyboard in Resources */,
				04A76130230446CE001143CF /* Assets.xcassets in Resources */,
				04A7612E230446CB001143CF /* Main.storyboard in Resources */,
			);
			runOnlyForDeploymentPostprocessing = 0;
		};
		04A76137230446CE001143CF /* Resources */ = {
			isa = PBXResourcesBuildPhase;
			buildActionMask = 2147483647;
			files = (
			);
			runOnlyForDeploymentPostprocessing = 0;
		};
		04A76142230446CE001143CF /* Resources */ = {
			isa = PBXResourcesBuildPhase;
			buildActionMask = 2147483647;
			files = (
			);
			runOnlyForDeploymentPostprocessing = 0;
		};
/* End PBXResourcesBuildPhase section */

/* Begin PBXSourcesBuildPhase section */
		04A76121230446CB001143CF /* Sources */ = {
			isa = PBXSourcesBuildPhase;
			buildActionMask = 2147483647;
			files = (
				04A7612B230446CB001143CF /* ViewController.swift in Sources */,
				04A76129230446CB001143CF /* AppDelegate.swift in Sources */,
			);
			runOnlyForDeploymentPostprocessing = 0;
		};
		04A76135230446CE001143CF /* Sources */ = {
			isa = PBXSourcesBuildPhase;
			buildActionMask = 2147483647;
			files = (
				04A7613E230446CE001143CF /* SingletonTests.swift in Sources */,
			);
			runOnlyForDeploymentPostprocessing = 0;
		};
		04A76140230446CE001143CF /* Sources */ = {
			isa = PBXSourcesBuildPhase;
			buildActionMask = 2147483647;
			files = (
				04A76149230446CE001143CF /* SingletonUITests.swift in Sources */,
			);
			runOnlyForDeploymentPostprocessing = 0;
		};
/* End PBXSourcesBuildPhase section */

/* Begin PBXTargetDependency section */
		04A7613B230446CE001143CF /* PBXTargetDependency */ = {
			isa = PBXTargetDependency;
			target = 04A76124230446CB001143CF /* Singleton */;
			targetProxy = 04A7613A230446CE001143CF /* PBXContainerItemProxy */;
		};
		04A76146230446CE001143CF /* PBXTargetDependency */ = {
			isa = PBXTargetDependency;
			target = 04A76124230446CB001143CF /* Singleton */;
			targetProxy = 04A76145230446CE001143CF /* PBXContainerItemProxy */;
		};
/* End PBXTargetDependency section */

/* Begin PBXVariantGroup section */
		04A7612C230446CB001143CF /* Main.storyboard */ = {
			isa = PBXVariantGroup;
			children = (
				04A7612D230446CB001143CF /* Base */,
			);
			name = Main.storyboard;
			sourceTree = "<group>";
		};
		04A76131230446CE001143CF /* LaunchScreen.storyboard */ = {
			isa = PBXVariantGroup;
			children = (
				04A76132230446CE001143CF /* Base */,
			);
			name = LaunchScreen.storyboard;
			sourceTree = "<group>";
		};
/* End PBXVariantGroup section */

/* Begin XCBuildConfiguration section */
		04A7614B230446CE001143CF /* Debug */ = {
			isa = XCBuildConfiguration;
			buildSettings = {
				ALWAYS_SEARCH_USER_PATHS = NO;
				CLANG_ANALYZER_NONNULL = YES;
				CLANG_ANALYZER_NUMBER_OBJECT_CONVERSION = YES_AGGRESSIVE;
				CLANG_CXX_LANGUAGE_STANDARD = "gnu++14";
				CLANG_CXX_LIBRARY = "libc++";
				CLANG_ENABLE_MODULES = YES;
				CLANG_ENABLE_OBJC_ARC = YES;
				CLANG_ENABLE_OBJC_WEAK = YES;
				CLANG_WARN_BLOCK_CAPTURE_AUTORELEASING = YES;
				CLANG_WARN_BOOL_CONVERSION = YES;
				CLANG_WARN_COMMA = YES;
				CLANG_WARN_CONSTANT_CONVERSION = YES;
				CLANG_WARN_DEPRECATED_OBJC_IMPLEMENTATIONS = YES;
				CLANG_WARN_DIRECT_OBJC_ISA_USAGE = YES_ERROR;
				CLANG_WARN_DOCUMENTATION_COMMENTS = YES;
				CLANG_WARN_EMPTY_BODY = YES;
				CLANG_WARN_ENUM_CONVERSION = YES;
				CLANG_WARN_INFINITE_RECURSION = YES;
				CLANG_WARN_INT_CONVERSION = YES;
				CLANG_WARN_NON_LITERAL_NULL_CONVERSION = YES;
				CLANG_WARN_OBJC_IMPLICIT_RETAIN_SELF = YES;
				CLANG_WARN_OBJC_LITERAL_CONVERSION = YES;
				CLANG_WARN_OBJC_ROOT_CLASS = YES_ERROR;
				CLANG_WARN_RANGE_LOOP_ANALYSIS = YES;
				CLANG_WARN_STRICT_PROTOTYPES = YES;
				CLANG_WARN_SUSPICIOUS_MOVE = YES;
				CLANG_WARN_UNGUARDED_AVAILABILITY = YES_AGGRESSIVE;
				CLANG_WARN_UNREACHABLE_CODE = YES;
				CLANG_WARN__DUPLICATE_METHOD_MATCH = YES;
				CODE_SIGN_IDENTITY = "iPhone Developer";
				COPY_PHASE_STRIP = NO;
				DEBUG_INFORMATION_FORMAT = dwarf;
				ENABLE_STRICT_OBJC_MSGSEND = YES;
				ENABLE_TESTABILITY = YES;
				GCC_C_LANGUAGE_STANDARD = gnu11;
				GCC_DYNAMIC_NO_PIC = NO;
				GCC_NO_COMMON_BLOCKS = YES;
				GCC_OPTIMIZATION_LEVEL = 0;
				GCC_PREPROCESSOR_DEFINITIONS = (
					"DEBUG=1",
					"$(inherited)",
				);
				GCC_WARN_64_TO_32_BIT_CONVERSION = YES;
				GCC_WARN_ABOUT_RETURN_TYPE = YES_ERROR;
				GCC_WARN_UNDECLARED_SELECTOR = YES;
				GCC_WARN_UNINITIALIZED_AUTOS = YES_AGGRESSIVE;
				GCC_WARN_UNUSED_FUNCTION = YES;
				GCC_WARN_UNUSED_VARIABLE = YES;
				IPHONEOS_DEPLOYMENT_TARGET = 12.4;
				MTL_ENABLE_DEBUG_INFO = INCLUDE_SOURCE;
				MTL_FAST_MATH = YES;
				ONLY_ACTIVE_ARCH = YES;
				SDKROOT = iphoneos;
				SWIFT_ACTIVE_COMPILATION_CONDITIONS = DEBUG;
				SWIFT_OPTIMIZATION_LEVEL = "-Onone";
			};
			name = Debug;
		};
		04A7614C230446CE001143CF /* Release */ = {
			isa = XCBuildConfiguration;
			buildSettings = {
				ALWAYS_SEARCH_USER_PATHS = NO;
				CLANG_ANALYZER_NONNULL = YES;
				CLANG_ANALYZER_NUMBER_OBJECT_CONVERSION = YES_AGGRESSIVE;
				CLANG_CXX_LANGUAGE_STANDARD = "gnu++14";
				CLANG_CXX_LIBRARY = "libc++";
				CLANG_ENABLE_MODULES = YES;
				CLANG_ENABLE_OBJC_ARC = YES;
				CLANG_ENABLE_OBJC_WEAK = YES;
				CLANG_WARN_BLOCK_CAPTURE_AUTORELEASING = YES;
				CLANG_WARN_BOOL_CONVERSION = YES;
				CLANG_WARN_COMMA = YES;
				CLANG_WARN_CONSTANT_CONVERSION = YES;
				CLANG_WARN_DEPRECATED_OBJC_IMPLEMENTATIONS = YES;
				CLANG_WARN_DIRECT_OBJC_ISA_USAGE = YES_ERROR;
				CLANG_WARN_DOCUMENTATION_COMMENTS = YES;
				CLANG_WARN_EMPTY_BODY = YES;
				CLANG_WARN_ENUM_CONVERSION = YES;
				CLANG_WARN_INFINITE_RECURSION = YES;
				CLANG_WARN_INT_CONVERSION = YES;
				CLANG_WARN_NON_LITERAL_NULL_CONVERSION = YES;
				CLANG_WARN_OBJC_IMPLICIT_RETAIN_SELF = YES;
				CLANG_WARN_OBJC_LITERAL_CONVERSION = YES;
				CLANG_WARN_OBJC_ROOT_CLASS = YES_ERROR;
				CLANG_WARN_RANGE_LOOP_ANALYSIS = YES;
				CLANG_WARN_STRICT_PROTOTYPES = YES;
				CLANG_WARN_SUSPICIOUS_MOVE = YES;
				CLANG_WARN_UNGUARDED_AVAILABILITY = YES_AGGRESSIVE;
				CLANG_WARN_UNREACHABLE_CODE = YES;
				CLANG_WARN__DUPLICATE_METHOD_MATCH = YES;
				CODE_SIGN_IDENTITY = "iPhone Developer";
				COPY_PHASE_STRIP = NO;
				DEBUG_INFORMATION_FORMAT = "dwarf-with-dsym";
				ENABLE_NS_ASSERTIONS = NO;
				ENABLE_STRICT_OBJC_MSGSEND = YES;
				GCC_C_LANGUAGE_STANDARD = gnu11;
				GCC_NO_COMMON_BLOCKS = YES;
				GCC_WARN_64_TO_32_BIT_CONVERSION = YES;
				GCC_WARN_ABOUT_RETURN_TYPE = YES_ERROR;
				GCC_WARN_UNDECLARED_SELECTOR = YES;
				GCC_WARN_UNINITIALIZED_AUTOS = YES_AGGRESSIVE;
				GCC_WARN_UNUSED_FUNCTION = YES;
				GCC_WARN_UNUSED_VARIABLE = YES;
				IPHONEOS_DEPLOYMENT_TARGET = 12.4;
				MTL_ENABLE_DEBUG_INFO = NO;
				MTL_FAST_MATH = YES;
				SDKROOT = iphoneos;
				SWIFT_COMPILATION_MODE = wholemodule;
				SWIFT_OPTIMIZATION_LEVEL = "-O";
				VALIDATE_PRODUCT = YES;
			};
			name = Release;
		};
		04A7614E230446CE001143CF /* Debug */ = {
			isa = XCBuildConfiguration;
			buildSettings = {
				ASSETCATALOG_COMPILER_APPICON_NAME = AppIcon;
				CODE_SIGN_STYLE = Automatic;
				INFOPLIST_FILE = Singleton/Info.plist;
				LD_RUNPATH_SEARCH_PATHS = (
					"$(inherited)",
					"@executable_path/Frameworks",
				);
				PRODUCT_BUNDLE_IDENTIFIER = Z.K.Singleton;
				PRODUCT_NAME = "$(TARGET_NAME)";
				SWIFT_VERSION = 5.0;
				TARGETED_DEVICE_FAMILY = "1,2";
			};
			name = Debug;
		};
		04A7614F230446CE001143CF /* Release */ = {
			isa = XCBuildConfiguration;
			buildSettings = {
				ASSETCATALOG_COMPILER_APPICON_NAME = AppIcon;
				CODE_SIGN_STYLE = Automatic;
				INFOPLIST_FILE = Singleton/Info.plist;
				LD_RUNPATH_SEARCH_PATHS = (
					"$(inherited)",
					"@executable_path/Frameworks",
				);
				PRODUCT_BUNDLE_IDENTIFIER = Z.K.Singleton;
				PRODUCT_NAME = "$(TARGET_NAME)";
				SWIFT_VERSION = 5.0;
				TARGETED_DEVICE_FAMILY = "1,2";
			};
			name = Release;
		};
		04A76151230446CE001143CF /* Debug */ = {
			isa = XCBuildConfiguration;
			buildSettings = {
				ALWAYS_EMBED_SWIFT_STANDARD_LIBRARIES = YES;
				BUNDLE_LOADER = "$(TEST_HOST)";
				CODE_SIGN_STYLE = Automatic;
				INFOPLIST_FILE = SingletonTests/Info.plist;
				LD_RUNPATH_SEARCH_PATHS = (
					"$(inherited)",
					"@executable_path/Frameworks",
					"@loader_path/Frameworks",
				);
				PRODUCT_BUNDLE_IDENTIFIER = Z.K.SingletonTests;
				PRODUCT_NAME = "$(TARGET_NAME)";
				SWIFT_VERSION = 5.0;
				TARGETED_DEVICE_FAMILY = "1,2";
				TEST_HOST = "$(BUILT_PRODUCTS_DIR)/Singleton.app/Singleton";
			};
			name = Debug;
		};
		04A76152230446CE001143CF /* Release */ = {
			isa = XCBuildConfiguration;
			buildSettings = {
				ALWAYS_EMBED_SWIFT_STANDARD_LIBRARIES = YES;
				BUNDLE_LOADER = "$(TEST_HOST)";
				CODE_SIGN_STYLE = Automatic;
				INFOPLIST_FILE = SingletonTests/Info.plist;
				LD_RUNPATH_SEARCH_PATHS = (
					"$(inherited)",
					"@executable_path/Frameworks",
					"@loader_path/Frameworks",
				);
				PRODUCT_BUNDLE_IDENTIFIER = Z.K.SingletonTests;
				PRODUCT_NAME = "$(TARGET_NAME)";
				SWIFT_VERSION = 5.0;
				TARGETED_DEVICE_FAMILY = "1,2";
				TEST_HOST = "$(BUILT_PRODUCTS_DIR)/Singleton.app/Singleton";
			};
			name = Release;
		};
		04A76154230446CE001143CF /* Debug */ = {
			isa = XCBuildConfiguration;
			buildSettings = {
				ALWAYS_EMBED_SWIFT_STANDARD_LIBRARIES = YES;
				CODE_SIGN_STYLE = Automatic;
				INFOPLIST_FILE = SingletonUITests/Info.plist;
				LD_RUNPATH_SEARCH_PATHS = (
					"$(inherited)",
					"@executable_path/Frameworks",
					"@loader_path/Frameworks",
				);
				PRODUCT_BUNDLE_IDENTIFIER = Z.K.SingletonUITests;
				PRODUCT_NAME = "$(TARGET_NAME)";
				SWIFT_VERSION = 5.0;
				TARGETED_DEVICE_FAMILY = "1,2";
				TEST_TARGET_NAME = Singleton;
			};
			name = Debug;
		};
		04A76155230446CE001143CF /* Release */ = {
			isa = XCBuildConfiguration;
			buildSettings = {
				ALWAYS_EMBED_SWIFT_STANDARD_LIBRARIES = YES;
				CODE_SIGN_STYLE = Automatic;
				INFOPLIST_FILE = SingletonUITests/Info.plist;
				LD_RUNPATH_SEARCH_PATHS = (
					"$(inherited)",
					"@executable_path/Frameworks",
					"@loader_path/Frameworks",
				);
				PRODUCT_BUNDLE_IDENTIFIER = Z.K.SingletonUITests;
				PRODUCT_NAME = "$(TARGET_NAME)";
				SWIFT_VERSION = 5.0;
				TARGETED_DEVICE_FAMILY = "1,2";
				TEST_TARGET_NAME = Singleton;
			};
			name = Release;
		};
/* End XCBuildConfiguration section */

/* Begin XCConfigurationList section */
		04A76120230446CB001143CF /* Build configuration list for PBXProject "Singleton" */ = {
			isa = XCConfigurationList;
			buildConfigurations = (
				04A7614B230446CE001143CF /* Debug */,
				04A7614C230446CE001143CF /* Release */,
			);
			defaultConfigurationIsVisible = 0;
			defaultConfigurationName = Release;
		};
		04A7614D230446CE001143CF /* Build configuration list for PBXNativeTarget "Singleton" */ = {
			isa = XCConfigurationList;
			buildConfigurations = (
				04A7614E230446CE001143CF /* Debug */,
				04A7614F230446CE001143CF /* Release */,
			);
			defaultConfigurationIsVisible = 0;
			defaultConfigurationName = Release;
		};
		04A76150230446CE001143CF /* Build configuration list for PBXNativeTarget "SingletonTests" */ = {
			isa = XCConfigurationList;
			buildConfigurations = (
				04A76151230446CE001143CF /* Debug */,
				04A76152230446CE001143CF /* Release */,
			);
			defaultConfigurationIsVisible = 0;
			defaultConfigurationName = Release;
		};
		04A76153230446CE001143CF /* Build configuration list for PBXNativeTarget "SingletonUITests" */ = {
			isa = XCConfigurationList;
			buildConfigurations = (
				04A76154230446CE001143CF /* Debug */,
				04A76155230446CE001143CF /* Release */,
			);
			defaultConfigurationIsVisible = 0;
			defaultConfigurationName = Release;
		};
/* End XCConfigurationList section */
	};
	rootObject = 04A7611D230446CB001143CF /* Project object */;
}
