// !$*UTF8*$!
{
	archiveVersion = 1;
	classes = {
	};
	objectVersion = 50;
	objects = {

/* Begin PBXBuildFile section */
		0400BBC7230ACC3900A67C90 /* AppDelegate.swift in Sources */ = {isa = PBXBuildFile; fileRef = 0400BBC6230ACC3900A67C90 /* AppDelegate.swift */; };
		0400BBC9230ACC3900A67C90 /* ViewController.swift in Sources */ = {isa = PBXBuildFile; fileRef = 0400BBC8230ACC3900A67C90 /* ViewController.swift */; };
		0400BBCC230ACC3A00A67C90 /* Main.storyboard in Resources */ = {isa = PBXBuildFile; fileRef = 0400BBCA230ACC3A00A67C90 /* Main.storyboard */; };
		0400BBCE230ACC3C00A67C90 /* Assets.xcassets in Resources */ = {isa = PBXBuildFile; fileRef = 0400BBCD230ACC3C00A67C90 /* Assets.xcassets */; };
		0400BBD1230ACC3C00A67C90 /* LaunchScreen.storyboard in Resources */ = {isa = PBXBuildFile; fileRef = 0400BBCF230ACC3C00A67C90 /* LaunchScreen.storyboard */; };
		0400BBDC230ACC3C00A67C90 /* apiCallerTests.swift in Sources */ = {isa = PBXBuildFile; fileRef = 0400BBDB230ACC3C00A67C90 /* apiCallerTests.swift */; };
		0400BBE7230ACC3C00A67C90 /* apiCallerUITests.swift in Sources */ = {isa = PBXBuildFile; fileRef = 0400BBE6230ACC3C00A67C90 /* apiCallerUITests.swift */; };
/* End PBXBuildFile section */

/* Begin PBXContainerItemProxy section */
		0400BBD8230ACC3C00A67C90 /* PBXContainerItemProxy */ = {
			isa = PBXContainerItemProxy;
			containerPortal = 0400BBBB230ACC3900A67C90 /* Project object */;
			proxyType = 1;
			remoteGlobalIDString = 0400BBC2230ACC3900A67C90;
			remoteInfo = apiCaller;
		};
		0400BBE3230ACC3C00A67C90 /* PBXContainerItemProxy */ = {
			isa = PBXContainerItemProxy;
			containerPortal = 0400BBBB230ACC3900A67C90 /* Project object */;
			proxyType = 1;
			remoteGlobalIDString = 0400BBC2230ACC3900A67C90;
			remoteInfo = apiCaller;
		};
/* End PBXContainerItemProxy section */

/* Begin PBXFileReference section */
		0400BBC3230ACC3900A67C90 /* apiCaller.app */ = {isa = PBXFileReference; explicitFileType = wrapper.application; includeInIndex = 0; path = apiCaller.app; sourceTree = BUILT_PRODUCTS_DIR; };
		0400BBC6230ACC3900A67C90 /* AppDelegate.swift */ = {isa = PBXFileReference; lastKnownFileType = sourcecode.swift; path = AppDelegate.swift; sourceTree = "<group>"; };
		0400BBC8230ACC3900A67C90 /* ViewController.swift */ = {isa = PBXFileReference; lastKnownFileType = sourcecode.swift; path = ViewController.swift; sourceTree = "<group>"; };
		0400BBCB230ACC3A00A67C90 /* Base */ = {isa = PBXFileReference; lastKnownFileType = file.storyboard; name = Base; path = Base.lproj/Main.storyboard; sourceTree = "<group>"; };
		0400BBCD230ACC3C00A67C90 /* Assets.xcassets */ = {isa = PBXFileReference; lastKnownFileType = folder.assetcatalog; path = Assets.xcassets; sourceTree = "<group>"; };
		0400BBD0230ACC3C00A67C90 /* Base */ = {isa = PBXFileReference; lastKnownFileType = file.storyboard; name = Base; path = Base.lproj/LaunchScreen.storyboard; sourceTree = "<group>"; };
		0400BBD2230ACC3C00A67C90 /* Info.plist */ = {isa = PBXFileReference; lastKnownFileType = text.plist.xml; path = Info.plist; sourceTree = "<group>"; };
		0400BBD7230ACC3C00A67C90 /* apiCallerTests.xctest */ = {isa = PBXFileReference; explicitFileType = wrapper.cfbundle; includeInIndex = 0; path = apiCallerTests.xctest; sourceTree = BUILT_PRODUCTS_DIR; };
		0400BBDB230ACC3C00A67C90 /* apiCallerTests.swift */ = {isa = PBXFileReference; lastKnownFileType = sourcecode.swift; path = apiCallerTests.swift; sourceTree = "<group>"; };
		0400BBDD230ACC3C00A67C90 /* Info.plist */ = {isa = PBXFileReference; lastKnownFileType = text.plist.xml; path = Info.plist; sourceTree = "<group>"; };
		0400BBE2230ACC3C00A67C90 /* apiCallerUITests.xctest */ = {isa = PBXFileReference; explicitFileType = wrapper.cfbundle; includeInIndex = 0; path = apiCallerUITests.xctest; sourceTree = BUILT_PRODUCTS_DIR; };
		0400BBE6230ACC3C00A67C90 /* apiCallerUITests.swift */ = {isa = PBXFileReference; lastKnownFileType = sourcecode.swift; path = apiCallerUITests.swift; sourceTree = "<group>"; };
		0400BBE8230ACC3C00A67C90 /* Info.plist */ = {isa = PBXFileReference; lastKnownFileType = text.plist.xml; path = Info.plist; sourceTree = "<group>"; };
/* End PBXFileReference section */

/* Begin PBXFrameworksBuildPhase section */
		0400BBC0230ACC3900A67C90 /* Frameworks */ = {
			isa = PBXFrameworksBuildPhase;
			buildActionMask = 2147483647;
			files = (
			);
			runOnlyForDeploymentPostprocessing = 0;
		};
		0400BBD4230ACC3C00A67C90 /* Frameworks */ = {
			isa = PBXFrameworksBuildPhase;
			buildActionMask = 2147483647;
			files = (
			);
			runOnlyForDeploymentPostprocessing = 0;
		};
		0400BBDF230ACC3C00A67C90 /* Frameworks */ = {
			isa = PBXFrameworksBuildPhase;
			buildActionMask = 2147483647;
			files = (
			);
			runOnlyForDeploymentPostprocessing = 0;
		};
/* End PBXFrameworksBuildPhase section */

/* Begin PBXGroup section */
		0400BBBA230ACC3900A67C90 = {
			isa = PBXGroup;
			children = (
				0400BBC5230ACC3900A67C90 /* apiCaller */,
				0400BBDA230ACC3C00A67C90 /* apiCallerTests */,
				0400BBE5230ACC3C00A67C90 /* apiCallerUITests */,
				0400BBC4230ACC3900A67C90 /* Products */,
			);
			sourceTree = "<group>";
		};
		0400BBC4230ACC3900A67C90 /* Products */ = {
			isa = PBXGroup;
			children = (
				0400BBC3230ACC3900A67C90 /* apiCaller.app */,
				0400BBD7230ACC3C00A67C90 /* apiCallerTests.xctest */,
				0400BBE2230ACC3C00A67C90 /* apiCallerUITests.xctest */,
			);
			name = Products;
			sourceTree = "<group>";
		};
		0400BBC5230ACC3900A67C90 /* apiCaller */ = {
			isa = PBXGroup;
			children = (
				0400BBC6230ACC3900A67C90 /* AppDelegate.swift */,
				0400BBC8230ACC3900A67C90 /* ViewController.swift */,
				0400BBCA230ACC3A00A67C90 /* Main.storyboard */,
				0400BBCD230ACC3C00A67C90 /* Assets.xcassets */,
				0400BBCF230ACC3C00A67C90 /* LaunchScreen.storyboard */,
				0400BBD2230ACC3C00A67C90 /* Info.plist */,
			);
			path = apiCaller;
			sourceTree = "<group>";
		};
		0400BBDA230ACC3C00A67C90 /* apiCallerTests */ = {
			isa = PBXGroup;
			children = (
				0400BBDB230ACC3C00A67C90 /* apiCallerTests.swift */,
				0400BBDD230ACC3C00A67C90 /* Info.plist */,
			);
			path = apiCallerTests;
			sourceTree = "<group>";
		};
		0400BBE5230ACC3C00A67C90 /* apiCallerUITests */ = {
			isa = PBXGroup;
			children = (
				0400BBE6230ACC3C00A67C90 /* apiCallerUITests.swift */,
				0400BBE8230ACC3C00A67C90 /* Info.plist */,
			);
			path = apiCallerUITests;
			sourceTree = "<group>";
		};
/* End PBXGroup section */

/* Begin PBXNativeTarget section */
		0400BBC2230ACC3900A67C90 /* apiCaller */ = {
			isa = PBXNativeTarget;
			buildConfigurationList = 0400BBEB230ACC3C00A67C90 /* Build configuration list for PBXNativeTarget "apiCaller" */;
			buildPhases = (
				0400BBBF230ACC3900A67C90 /* Sources */,
				0400BBC0230ACC3900A67C90 /* Frameworks */,
				0400BBC1230ACC3900A67C90 /* Resources */,
			);
			buildRules = (
			);
			dependencies = (
			);
			name = apiCaller;
			productName = apiCaller;
			productReference = 0400BBC3230ACC3900A67C90 /* apiCaller.app */;
			productType = "com.apple.product-type.application";
		};
		0400BBD6230ACC3C00A67C90 /* apiCallerTests */ = {
			isa = PBXNativeTarget;
			buildConfigurationList = 0400BBEE230ACC3C00A67C90 /* Build configuration list for PBXNativeTarget "apiCallerTests" */;
			buildPhases = (
				0400BBD3230ACC3C00A67C90 /* Sources */,
				0400BBD4230ACC3C00A67C90 /* Frameworks */,
				0400BBD5230ACC3C00A67C90 /* Resources */,
			);
			buildRules = (
			);
			dependencies = (
				0400BBD9230ACC3C00A67C90 /* PBXTargetDependency */,
			);
			name = apiCallerTests;
			productName = apiCallerTests;
			productReference = 0400BBD7230ACC3C00A67C90 /* apiCallerTests.xctest */;
			productType = "com.apple.product-type.bundle.unit-test";
		};
		0400BBE1230ACC3C00A67C90 /* apiCallerUITests */ = {
			isa = PBXNativeTarget;
			buildConfigurationList = 0400BBF1230ACC3C00A67C90 /* Build configuration list for PBXNativeTarget "apiCallerUITests" */;
			buildPhases = (
				0400BBDE230ACC3C00A67C90 /* Sources */,
				0400BBDF230ACC3C00A67C90 /* Frameworks */,
				0400BBE0230ACC3C00A67C90 /* Resources */,
			);
			buildRules = (
			);
			dependencies = (
				0400BBE4230ACC3C00A67C90 /* PBXTargetDependency */,
			);
			name = apiCallerUITests;
			productName = apiCallerUITests;
			productReference = 0400BBE2230ACC3C00A67C90 /* apiCallerUITests.xctest */;
			productType = "com.apple.product-type.bundle.ui-testing";
		};
/* End PBXNativeTarget section */

/* Begin PBXProject section */
		0400BBBB230ACC3900A67C90 /* Project object */ = {
			isa = PBXProject;
			attributes = {
				LastSwiftUpdateCheck = 1030;
				LastUpgradeCheck = 1030;
				ORGANIZATIONNAME = MCS;
				TargetAttributes = {
					0400BBC2230ACC3900A67C90 = {
						CreatedOnToolsVersion = 10.3;
					};
					0400BBD6230ACC3C00A67C90 = {
						CreatedOnToolsVersion = 10.3;
						TestTargetID = 0400BBC2230ACC3900A67C90;
					};
					0400BBE1230ACC3C00A67C90 = {
						CreatedOnToolsVersion = 10.3;
						TestTargetID = 0400BBC2230ACC3900A67C90;
					};
				};
			};
			buildConfigurationList = 0400BBBE230ACC3900A67C90 /* Build configuration list for PBXProject "apiCaller" */;
			compatibilityVersion = "Xcode 9.3";
			developmentRegion = en;
			hasScannedForEncodings = 0;
			knownRegions = (
				en,
				Base,
			);
			mainGroup = 0400BBBA230ACC3900A67C90;
			productRefGroup = 0400BBC4230ACC3900A67C90 /* Products */;
			projectDirPath = "";
			projectRoot = "";
			targets = (
				0400BBC2230ACC3900A67C90 /* apiCaller */,
				0400BBD6230ACC3C00A67C90 /* apiCallerTests */,
				0400BBE1230ACC3C00A67C90 /* apiCallerUITests */,
			);
		};
/* End PBXProject section */

/* Begin PBXResourcesBuildPhase section */
		0400BBC1230ACC3900A67C90 /* Resources */ = {
			isa = PBXResourcesBuildPhase;
			buildActionMask = 2147483647;
			files = (
				0400BBD1230ACC3C00A67C90 /* LaunchScreen.storyboard in Resources */,
				0400BBCE230ACC3C00A67C90 /* Assets.xcassets in Resources */,
				0400BBCC230ACC3A00A67C90 /* Main.storyboard in Resources */,
			);
			runOnlyForDeploymentPostprocessing = 0;
		};
		0400BBD5230ACC3C00A67C90 /* Resources */ = {
			isa = PBXResourcesBuildPhase;
			buildActionMask = 2147483647;
			files = (
			);
			runOnlyForDeploymentPostprocessing = 0;
		};
		0400BBE0230ACC3C00A67C90 /* Resources */ = {
			isa = PBXResourcesBuildPhase;
			buildActionMask = 2147483647;
			files = (
			);
			runOnlyForDeploymentPostprocessing = 0;
		};
/* End PBXResourcesBuildPhase section */

/* Begin PBXSourcesBuildPhase section */
		0400BBBF230ACC3900A67C90 /* Sources */ = {
			isa = PBXSourcesBuildPhase;
			buildActionMask = 2147483647;
			files = (
				0400BBC9230ACC3900A67C90 /* ViewController.swift in Sources */,
				0400BBC7230ACC3900A67C90 /* AppDelegate.swift in Sources */,
			);
			runOnlyForDeploymentPostprocessing = 0;
		};
		0400BBD3230ACC3C00A67C90 /* Sources */ = {
			isa = PBXSourcesBuildPhase;
			buildActionMask = 2147483647;
			files = (
				0400BBDC230ACC3C00A67C90 /* apiCallerTests.swift in Sources */,
			);
			runOnlyForDeploymentPostprocessing = 0;
		};
		0400BBDE230ACC3C00A67C90 /* Sources */ = {
			isa = PBXSourcesBuildPhase;
			buildActionMask = 2147483647;
			files = (
				0400BBE7230ACC3C00A67C90 /* apiCallerUITests.swift in Sources */,
			);
			runOnlyForDeploymentPostprocessing = 0;
		};
/* End PBXSourcesBuildPhase section */

/* Begin PBXTargetDependency section */
		0400BBD9230ACC3C00A67C90 /* PBXTargetDependency */ = {
			isa = PBXTargetDependency;
			target = 0400BBC2230ACC3900A67C90 /* apiCaller */;
			targetProxy = 0400BBD8230ACC3C00A67C90 /* PBXContainerItemProxy */;
		};
		0400BBE4230ACC3C00A67C90 /* PBXTargetDependency */ = {
			isa = PBXTargetDependency;
			target = 0400BBC2230ACC3900A67C90 /* apiCaller */;
			targetProxy = 0400BBE3230ACC3C00A67C90 /* PBXContainerItemProxy */;
		};
/* End PBXTargetDependency section */

/* Begin PBXVariantGroup section */
		0400BBCA230ACC3A00A67C90 /* Main.storyboard */ = {
			isa = PBXVariantGroup;
			children = (
				0400BBCB230ACC3A00A67C90 /* Base */,
			);
			name = Main.storyboard;
			sourceTree = "<group>";
		};
		0400BBCF230ACC3C00A67C90 /* LaunchScreen.storyboard */ = {
			isa = PBXVariantGroup;
			children = (
				0400BBD0230ACC3C00A67C90 /* Base */,
			);
			name = LaunchScreen.storyboard;
			sourceTree = "<group>";
		};
/* End PBXVariantGroup section */

/* Begin XCBuildConfiguration section */
		0400BBE9230ACC3C00A67C90 /* Debug */ = {
			isa = XCBuildConfiguration;
			buildSettings = {
				ALWAYS_SEARCH_USER_PATHS = NO;
				CLANG_ANALYZER_NONNULL = YES;
				CLANG_ANALYZER_NUMBER_OBJECT_CONVERSION = YES_AGGRESSIVE;
				CLANG_CXX_LANGUAGE_STANDARD = "gnu++14";
				CLANG_CXX_LIBRARY = "libc++";
				CLANG_ENABLE_MODULES = YES;
				CLANG_ENABLE_OBJC_ARC = YES;
				CLANG_ENABLE_OBJC_WEAK = YES;
				CLANG_WARN_BLOCK_CAPTURE_AUTORELEASING = YES;
				CLANG_WARN_BOOL_CONVERSION = YES;
				CLANG_WARN_COMMA = YES;
				CLANG_WARN_CONSTANT_CONVERSION = YES;
				CLANG_WARN_DEPRECATED_OBJC_IMPLEMENTATIONS = YES;
				CLANG_WARN_DIRECT_OBJC_ISA_USAGE = YES_ERROR;
				CLANG_WARN_DOCUMENTATION_COMMENTS = YES;
				CLANG_WARN_EMPTY_BODY = YES;
				CLANG_WARN_ENUM_CONVERSION = YES;
				CLANG_WARN_INFINITE_RECURSION = YES;
				CLANG_WARN_INT_CONVERSION = YES;
				CLANG_WARN_NON_LITERAL_NULL_CONVERSION = YES;
				CLANG_WARN_OBJC_IMPLICIT_RETAIN_SELF = YES;
				CLANG_WARN_OBJC_LITERAL_CONVERSION = YES;
				CLANG_WARN_OBJC_ROOT_CLASS = YES_ERROR;
				CLANG_WARN_RANGE_LOOP_ANALYSIS = YES;
				CLANG_WARN_STRICT_PROTOTYPES = YES;
				CLANG_WARN_SUSPICIOUS_MOVE = YES;
				CLANG_WARN_UNGUARDED_AVAILABILITY = YES_AGGRESSIVE;
				CLANG_WARN_UNREACHABLE_CODE = YES;
				CLANG_WARN__DUPLICATE_METHOD_MATCH = YES;
				CODE_SIGN_IDENTITY = "iPhone Developer";
				COPY_PHASE_STRIP = NO;
				DEBUG_INFORMATION_FORMAT = dwarf;
				ENABLE_STRICT_OBJC_MSGSEND = YES;
				ENABLE_TESTABILITY = YES;
				GCC_C_LANGUAGE_STANDARD = gnu11;
				GCC_DYNAMIC_NO_PIC = NO;
				GCC_NO_COMMON_BLOCKS = YES;
				GCC_OPTIMIZATION_LEVEL = 0;
				GCC_PREPROCESSOR_DEFINITIONS = (
					"DEBUG=1",
					"$(inherited)",
				);
				GCC_WARN_64_TO_32_BIT_CONVERSION = YES;
				GCC_WARN_ABOUT_RETURN_TYPE = YES_ERROR;
				GCC_WARN_UNDECLARED_SELECTOR = YES;
				GCC_WARN_UNINITIALIZED_AUTOS = YES_AGGRESSIVE;
				GCC_WARN_UNUSED_FUNCTION = YES;
				GCC_WARN_UNUSED_VARIABLE = YES;
				IPHONEOS_DEPLOYMENT_TARGET = 12.4;
				MTL_ENABLE_DEBUG_INFO = INCLUDE_SOURCE;
				MTL_FAST_MATH = YES;
				ONLY_ACTIVE_ARCH = YES;
				SDKROOT = iphoneos;
				SWIFT_ACTIVE_COMPILATION_CONDITIONS = DEBUG;
				SWIFT_OPTIMIZATION_LEVEL = "-Onone";
			};
			name = Debug;
		};
		0400BBEA230ACC3C00A67C90 /* Release */ = {
			isa = XCBuildConfiguration;
			buildSettings = {
				ALWAYS_SEARCH_USER_PATHS = NO;
				CLANG_ANALYZER_NONNULL = YES;
				CLANG_ANALYZER_NUMBER_OBJECT_CONVERSION = YES_AGGRESSIVE;
				CLANG_CXX_LANGUAGE_STANDARD = "gnu++14";
				CLANG_CXX_LIBRARY = "libc++";
				CLANG_ENABLE_MODULES = YES;
				CLANG_ENABLE_OBJC_ARC = YES;
				CLANG_ENABLE_OBJC_WEAK = YES;
				CLANG_WARN_BLOCK_CAPTURE_AUTORELEASING = YES;
				CLANG_WARN_BOOL_CONVERSION = YES;
				CLANG_WARN_COMMA = YES;
				CLANG_WARN_CONSTANT_CONVERSION = YES;
				CLANG_WARN_DEPRECATED_OBJC_IMPLEMENTATIONS = YES;
				CLANG_WARN_DIRECT_OBJC_ISA_USAGE = YES_ERROR;
				CLANG_WARN_DOCUMENTATION_COMMENTS = YES;
				CLANG_WARN_EMPTY_BODY = YES;
				CLANG_WARN_ENUM_CONVERSION = YES;
				CLANG_WARN_INFINITE_RECURSION = YES;
				CLANG_WARN_INT_CONVERSION = YES;
				CLANG_WARN_NON_LITERAL_NULL_CONVERSION = YES;
				CLANG_WARN_OBJC_IMPLICIT_RETAIN_SELF = YES;
				CLANG_WARN_OBJC_LITERAL_CONVERSION = YES;
				CLANG_WARN_OBJC_ROOT_CLASS = YES_ERROR;
				CLANG_WARN_RANGE_LOOP_ANALYSIS = YES;
				CLANG_WARN_STRICT_PROTOTYPES = YES;
				CLANG_WARN_SUSPICIOUS_MOVE = YES;
				CLANG_WARN_UNGUARDED_AVAILABILITY = YES_AGGRESSIVE;
				CLANG_WARN_UNREACHABLE_CODE = YES;
				CLANG_WARN__DUPLICATE_METHOD_MATCH = YES;
				CODE_SIGN_IDENTITY = "iPhone Developer";
				COPY_PHASE_STRIP = NO;
				DEBUG_INFORMATION_FORMAT = "dwarf-with-dsym";
				ENABLE_NS_ASSERTIONS = NO;
				ENABLE_STRICT_OBJC_MSGSEND = YES;
				GCC_C_LANGUAGE_STANDARD = gnu11;
				GCC_NO_COMMON_BLOCKS = YES;
				GCC_WARN_64_TO_32_BIT_CONVERSION = YES;
				GCC_WARN_ABOUT_RETURN_TYPE = YES_ERROR;
				GCC_WARN_UNDECLARED_SELECTOR = YES;
				GCC_WARN_UNINITIALIZED_AUTOS = YES_AGGRESSIVE;
				GCC_WARN_UNUSED_FUNCTION = YES;
				GCC_WARN_UNUSED_VARIABLE = YES;
				IPHONEOS_DEPLOYMENT_TARGET = 12.4;
				MTL_ENABLE_DEBUG_INFO = NO;
				MTL_FAST_MATH = YES;
				SDKROOT = iphoneos;
				SWIFT_COMPILATION_MODE = wholemodule;
				SWIFT_OPTIMIZATION_LEVEL = "-O";
				VALIDATE_PRODUCT = YES;
			};
			name = Release;
		};
		0400BBEC230ACC3C00A67C90 /* Debug */ = {
			isa = XCBuildConfiguration;
			buildSettings = {
				ASSETCATALOG_COMPILER_APPICON_NAME = AppIcon;
				CODE_SIGN_STYLE = Automatic;
				INFOPLIST_FILE = apiCaller/Info.plist;
				LD_RUNPATH_SEARCH_PATHS = (
					"$(inherited)",
					"@executable_path/Frameworks",
				);
				PRODUCT_BUNDLE_IDENTIFIER = Z.K.apiCaller;
				PRODUCT_NAME = "$(TARGET_NAME)";
				SWIFT_VERSION = 5.0;
				TARGETED_DEVICE_FAMILY = "1,2";
			};
			name = Debug;
		};
		0400BBED230ACC3C00A67C90 /* Release */ = {
			isa = XCBuildConfiguration;
			buildSettings = {
				ASSETCATALOG_COMPILER_APPICON_NAME = AppIcon;
				CODE_SIGN_STYLE = Automatic;
				INFOPLIST_FILE = apiCaller/Info.plist;
				LD_RUNPATH_SEARCH_PATHS = (
					"$(inherited)",
					"@executable_path/Frameworks",
				);
				PRODUCT_BUNDLE_IDENTIFIER = Z.K.apiCaller;
				PRODUCT_NAME = "$(TARGET_NAME)";
				SWIFT_VERSION = 5.0;
				TARGETED_DEVICE_FAMILY = "1,2";
			};
			name = Release;
		};
		0400BBEF230ACC3C00A67C90 /* Debug */ = {
			isa = XCBuildConfiguration;
			buildSettings = {
				ALWAYS_EMBED_SWIFT_STANDARD_LIBRARIES = YES;
				BUNDLE_LOADER = "$(TEST_HOST)";
				CODE_SIGN_STYLE = Automatic;
				INFOPLIST_FILE = apiCallerTests/Info.plist;
				LD_RUNPATH_SEARCH_PATHS = (
					"$(inherited)",
					"@executable_path/Frameworks",
					"@loader_path/Frameworks",
				);
				PRODUCT_BUNDLE_IDENTIFIER = Z.K.apiCallerTests;
				PRODUCT_NAME = "$(TARGET_NAME)";
				SWIFT_VERSION = 5.0;
				TARGETED_DEVICE_FAMILY = "1,2";
				TEST_HOST = "$(BUILT_PRODUCTS_DIR)/apiCaller.app/apiCaller";
			};
			name = Debug;
		};
		0400BBF0230ACC3C00A67C90 /* Release */ = {
			isa = XCBuildConfiguration;
			buildSettings = {
				ALWAYS_EMBED_SWIFT_STANDARD_LIBRARIES = YES;
				BUNDLE_LOADER = "$(TEST_HOST)";
				CODE_SIGN_STYLE = Automatic;
				INFOPLIST_FILE = apiCallerTests/Info.plist;
				LD_RUNPATH_SEARCH_PATHS = (
					"$(inherited)",
					"@executable_path/Frameworks",
					"@loader_path/Frameworks",
				);
				PRODUCT_BUNDLE_IDENTIFIER = Z.K.apiCallerTests;
				PRODUCT_NAME = "$(TARGET_NAME)";
				SWIFT_VERSION = 5.0;
				TARGETED_DEVICE_FAMILY = "1,2";
				TEST_HOST = "$(BUILT_PRODUCTS_DIR)/apiCaller.app/apiCaller";
			};
			name = Release;
		};
		0400BBF2230ACC3C00A67C90 /* Debug */ = {
			isa = XCBuildConfiguration;
			buildSettings = {
				ALWAYS_EMBED_SWIFT_STANDARD_LIBRARIES = YES;
				CODE_SIGN_STYLE = Automatic;
				INFOPLIST_FILE = apiCallerUITests/Info.plist;
				LD_RUNPATH_SEARCH_PATHS = (
					"$(inherited)",
					"@executable_path/Frameworks",
					"@loader_path/Frameworks",
				);
				PRODUCT_BUNDLE_IDENTIFIER = Z.K.apiCallerUITests;
				PRODUCT_NAME = "$(TARGET_NAME)";
				SWIFT_VERSION = 5.0;
				TARGETED_DEVICE_FAMILY = "1,2";
				TEST_TARGET_NAME = apiCaller;
			};
			name = Debug;
		};
		0400BBF3230ACC3C00A67C90 /* Release */ = {
			isa = XCBuildConfiguration;
			buildSettings = {
				ALWAYS_EMBED_SWIFT_STANDARD_LIBRARIES = YES;
				CODE_SIGN_STYLE = Automatic;
				INFOPLIST_FILE = apiCallerUITests/Info.plist;
				LD_RUNPATH_SEARCH_PATHS = (
					"$(inherited)",
					"@executable_path/Frameworks",
					"@loader_path/Frameworks",
				);
				PRODUCT_BUNDLE_IDENTIFIER = Z.K.apiCallerUITests;
				PRODUCT_NAME = "$(TARGET_NAME)";
				SWIFT_VERSION = 5.0;
				TARGETED_DEVICE_FAMILY = "1,2";
				TEST_TARGET_NAME = apiCaller;
			};
			name = Release;
		};
/* End XCBuildConfiguration section */

/* Begin XCConfigurationList section */
		0400BBBE230ACC3900A67C90 /* Build configuration list for PBXProject "apiCaller" */ = {
			isa = XCConfigurationList;
			buildConfigurations = (
				0400BBE9230ACC3C00A67C90 /* Debug */,
				0400BBEA230ACC3C00A67C90 /* Release */,
			);
			defaultConfigurationIsVisible = 0;
			defaultConfigurationName = Release;
		};
		0400BBEB230ACC3C00A67C90 /* Build configuration list for PBXNativeTarget "apiCaller" */ = {
			isa = XCConfigurationList;
			buildConfigurations = (
				0400BBEC230ACC3C00A67C90 /* Debug */,
				0400BBED230ACC3C00A67C90 /* Release */,
			);
			defaultConfigurationIsVisible = 0;
			defaultConfigurationName = Release;
		};
		0400BBEE230ACC3C00A67C90 /* Build configuration list for PBXNativeTarget "apiCallerTests" */ = {
			isa = XCConfigurationList;
			buildConfigurations = (
				0400BBEF230ACC3C00A67C90 /* Debug */,
				0400BBF0230ACC3C00A67C90 /* Release */,
			);
			defaultConfigurationIsVisible = 0;
			defaultConfigurationName = Release;
		};
		0400BBF1230ACC3C00A67C90 /* Build configuration list for PBXNativeTarget "apiCallerUITests" */ = {
			isa = XCConfigurationList;
			buildConfigurations = (
				0400BBF2230ACC3C00A67C90 /* Debug */,
				0400BBF3230ACC3C00A67C90 /* Release */,
			);
			defaultConfigurationIsVisible = 0;
			defaultConfigurationName = Release;
		};
/* End XCConfigurationList section */
	};
	rootObject = 0400BBBB230ACC3900A67C90 /* Project object */;
}
