// !$*UTF8*$!
{
	archiveVersion = 1;
	classes = {
	};
	objectVersion = 50;
	objects = {

/* Begin PBXBuildFile section */
		049734B1232A6E8000DA2E0A /* NewNotificationCenter.swift in Sources */ = {isa = PBXBuildFile; fileRef = 049734B0232A6E8000DA2E0A /* NewNotificationCenter.swift */; };
		04985CDF2322992C00813F42 /* AppDelegate.swift in Sources */ = {isa = PBXBuildFile; fileRef = 04985CDE2322992C00813F42 /* AppDelegate.swift */; };
		04985CE12322992C00813F42 /* ViewController.swift in Sources */ = {isa = PBXBuildFile; fileRef = 04985CE02322992C00813F42 /* ViewController.swift */; };
		04985CE42322992C00813F42 /* Main.storyboard in Resources */ = {isa = PBXBuildFile; fileRef = 04985CE22322992C00813F42 /* Main.storyboard */; };
		04985CE72322992C00813F42 /* NotificationCenter.xcdatamodeld in Sources */ = {isa = PBXBuildFile; fileRef = 04985CE52322992C00813F42 /* NotificationCenter.xcdatamodeld */; };
		04985CE92322992D00813F42 /* Assets.xcassets in Resources */ = {isa = PBXBuildFile; fileRef = 04985CE82322992D00813F42 /* Assets.xcassets */; };
		04985CEC2322992D00813F42 /* LaunchScreen.storyboard in Resources */ = {isa = PBXBuildFile; fileRef = 04985CEA2322992D00813F42 /* LaunchScreen.storyboard */; };
		04985CF72322992D00813F42 /* NotificationCenterTests.swift in Sources */ = {isa = PBXBuildFile; fileRef = 04985CF62322992D00813F42 /* NotificationCenterTests.swift */; };
/* End PBXBuildFile section */

/* Begin PBXContainerItemProxy section */
		04985CF32322992D00813F42 /* PBXContainerItemProxy */ = {
			isa = PBXContainerItemProxy;
			containerPortal = 04985CD32322992C00813F42 /* Project object */;
			proxyType = 1;
			remoteGlobalIDString = 04985CDA2322992C00813F42;
			remoteInfo = NotificationCenter;
		};
/* End PBXContainerItemProxy section */

/* Begin PBXFileReference section */
		049734B0232A6E8000DA2E0A /* NewNotificationCenter.swift */ = {isa = PBXFileReference; lastKnownFileType = sourcecode.swift; path = NewNotificationCenter.swift; sourceTree = "<group>"; };
		04985CDB2322992C00813F42 /* NotificationCenter.app */ = {isa = PBXFileReference; explicitFileType = wrapper.application; includeInIndex = 0; path = NotificationCenter.app; sourceTree = BUILT_PRODUCTS_DIR; };
		04985CDE2322992C00813F42 /* AppDelegate.swift */ = {isa = PBXFileReference; lastKnownFileType = sourcecode.swift; path = AppDelegate.swift; sourceTree = "<group>"; };
		04985CE02322992C00813F42 /* ViewController.swift */ = {isa = PBXFileReference; lastKnownFileType = sourcecode.swift; path = ViewController.swift; sourceTree = "<group>"; };
		04985CE32322992C00813F42 /* Base */ = {isa = PBXFileReference; lastKnownFileType = file.storyboard; name = Base; path = Base.lproj/Main.storyboard; sourceTree = "<group>"; };
		04985CE62322992C00813F42 /* NotificationCenter.xcdatamodel */ = {isa = PBXFileReference; lastKnownFileType = wrapper.xcdatamodel; path = NotificationCenter.xcdatamodel; sourceTree = "<group>"; };
		04985CE82322992D00813F42 /* Assets.xcassets */ = {isa = PBXFileReference; lastKnownFileType = folder.assetcatalog; path = Assets.xcassets; sourceTree = "<group>"; };
		04985CEB2322992D00813F42 /* Base */ = {isa = PBXFileReference; lastKnownFileType = file.storyboard; name = Base; path = Base.lproj/LaunchScreen.storyboard; sourceTree = "<group>"; };
		04985CED2322992D00813F42 /* Info.plist */ = {isa = PBXFileReference; lastKnownFileType = text.plist.xml; path = Info.plist; sourceTree = "<group>"; };
		04985CF22322992D00813F42 /* NotificationCenterTests.xctest */ = {isa = PBXFileReference; explicitFileType = wrapper.cfbundle; includeInIndex = 0; path = NotificationCenterTests.xctest; sourceTree = BUILT_PRODUCTS_DIR; };
		04985CF62322992D00813F42 /* NotificationCenterTests.swift */ = {isa = PBXFileReference; lastKnownFileType = sourcecode.swift; path = NotificationCenterTests.swift; sourceTree = "<group>"; };
		04985CF82322992D00813F42 /* Info.plist */ = {isa = PBXFileReference; lastKnownFileType = text.plist.xml; path = Info.plist; sourceTree = "<group>"; };
/* End PBXFileReference section */

/* Begin PBXFrameworksBuildPhase section */
		04985CD82322992C00813F42 /* Frameworks */ = {
			isa = PBXFrameworksBuildPhase;
			buildActionMask = 2147483647;
			files = (
			);
			runOnlyForDeploymentPostprocessing = 0;
		};
		04985CEF2322992D00813F42 /* Frameworks */ = {
			isa = PBXFrameworksBuildPhase;
			buildActionMask = 2147483647;
			files = (
			);
			runOnlyForDeploymentPostprocessing = 0;
		};
/* End PBXFrameworksBuildPhase section */

/* Begin PBXGroup section */
		04985CD22322992C00813F42 = {
			isa = PBXGroup;
			children = (
				04985CDD2322992C00813F42 /* NotificationCenter */,
				04985CF52322992D00813F42 /* NotificationCenterTests */,
				04985CDC2322992C00813F42 /* Products */,
			);
			sourceTree = "<group>";
		};
		04985CDC2322992C00813F42 /* Products */ = {
			isa = PBXGroup;
			children = (
				04985CDB2322992C00813F42 /* NotificationCenter.app */,
				04985CF22322992D00813F42 /* NotificationCenterTests.xctest */,
			);
			name = Products;
			sourceTree = "<group>";
		};
		04985CDD2322992C00813F42 /* NotificationCenter */ = {
			isa = PBXGroup;
			children = (
				04985CDE2322992C00813F42 /* AppDelegate.swift */,
				04985CE02322992C00813F42 /* ViewController.swift */,
				04985CE22322992C00813F42 /* Main.storyboard */,
				04985CE82322992D00813F42 /* Assets.xcassets */,
				04985CEA2322992D00813F42 /* LaunchScreen.storyboard */,
				04985CED2322992D00813F42 /* Info.plist */,
				04985CE52322992C00813F42 /* NotificationCenter.xcdatamodeld */,
				049734B0232A6E8000DA2E0A /* NewNotificationCenter.swift */,
			);
			path = NotificationCenter;
			sourceTree = "<group>";
		};
		04985CF52322992D00813F42 /* NotificationCenterTests */ = {
			isa = PBXGroup;
			children = (
				04985CF62322992D00813F42 /* NotificationCenterTests.swift */,
				04985CF82322992D00813F42 /* Info.plist */,
			);
			path = NotificationCenterTests;
			sourceTree = "<group>";
		};
/* End PBXGroup section */

/* Begin PBXNativeTarget section */
		04985CDA2322992C00813F42 /* NotificationCenter */ = {
			isa = PBXNativeTarget;
			buildConfigurationList = 04985CFB2322992D00813F42 /* Build configuration list for PBXNativeTarget "NotificationCenter" */;
			buildPhases = (
				04985CD72322992C00813F42 /* Sources */,
				04985CD82322992C00813F42 /* Frameworks */,
				04985CD92322992C00813F42 /* Resources */,
			);
			buildRules = (
			);
			dependencies = (
			);
			name = NotificationCenter;
			productName = NotificationCenter;
			productReference = 04985CDB2322992C00813F42 /* NotificationCenter.app */;
			productType = "com.apple.product-type.application";
		};
		04985CF12322992D00813F42 /* NotificationCenterTests */ = {
			isa = PBXNativeTarget;
			buildConfigurationList = 04985CFE2322992D00813F42 /* Build configuration list for PBXNativeTarget "NotificationCenterTests" */;
			buildPhases = (
				04985CEE2322992D00813F42 /* Sources */,
				04985CEF2322992D00813F42 /* Frameworks */,
				04985CF02322992D00813F42 /* Resources */,
			);
			buildRules = (
			);
			dependencies = (
				04985CF42322992D00813F42 /* PBXTargetDependency */,
			);
			name = NotificationCenterTests;
			productName = NotificationCenterTests;
			productReference = 04985CF22322992D00813F42 /* NotificationCenterTests.xctest */;
			productType = "com.apple.product-type.bundle.unit-test";
		};
/* End PBXNativeTarget section */

/* Begin PBXProject section */
		04985CD32322992C00813F42 /* Project object */ = {
			isa = PBXProject;
			attributes = {
				LastSwiftUpdateCheck = 1030;
				LastUpgradeCheck = 1030;
				ORGANIZATIONNAME = MCS;
				TargetAttributes = {
					04985CDA2322992C00813F42 = {
						CreatedOnToolsVersion = 10.3;
					};
					04985CF12322992D00813F42 = {
						CreatedOnToolsVersion = 10.3;
						TestTargetID = 04985CDA2322992C00813F42;
					};
				};
			};
			buildConfigurationList = 04985CD62322992C00813F42 /* Build configuration list for PBXProject "NotificationCenter" */;
			compatibilityVersion = "Xcode 9.3";
			developmentRegion = en;
			hasScannedForEncodings = 0;
			knownRegions = (
				en,
				Base,
			);
			mainGroup = 04985CD22322992C00813F42;
			productRefGroup = 04985CDC2322992C00813F42 /* Products */;
			projectDirPath = "";
			projectRoot = "";
			targets = (
				04985CDA2322992C00813F42 /* NotificationCenter */,
				04985CF12322992D00813F42 /* NotificationCenterTests */,
			);
		};
/* End PBXProject section */

/* Begin PBXResourcesBuildPhase section */
		04985CD92322992C00813F42 /* Resources */ = {
			isa = PBXResourcesBuildPhase;
			buildActionMask = 2147483647;
			files = (
				04985CEC2322992D00813F42 /* LaunchScreen.storyboard in Resources */,
				04985CE92322992D00813F42 /* Assets.xcassets in Resources */,
				04985CE42322992C00813F42 /* Main.storyboard in Resources */,
			);
			runOnlyForDeploymentPostprocessing = 0;
		};
		04985CF02322992D00813F42 /* Resources */ = {
			isa = PBXResourcesBuildPhase;
			buildActionMask = 2147483647;
			files = (
			);
			runOnlyForDeploymentPostprocessing = 0;
		};
/* End PBXResourcesBuildPhase section */

/* Begin PBXSourcesBuildPhase section */
		04985CD72322992C00813F42 /* Sources */ = {
			isa = PBXSourcesBuildPhase;
			buildActionMask = 2147483647;
			files = (
				049734B1232A6E8000DA2E0A /* NewNotificationCenter.swift in Sources */,
				04985CE12322992C00813F42 /* ViewController.swift in Sources */,
				04985CE72322992C00813F42 /* NotificationCenter.xcdatamodeld in Sources */,
				04985CDF2322992C00813F42 /* AppDelegate.swift in Sources */,
			);
			runOnlyForDeploymentPostprocessing = 0;
		};
		04985CEE2322992D00813F42 /* Sources */ = {
			isa = PBXSourcesBuildPhase;
			buildActionMask = 2147483647;
			files = (
				04985CF72322992D00813F42 /* NotificationCenterTests.swift in Sources */,
			);
			runOnlyForDeploymentPostprocessing = 0;
		};
/* End PBXSourcesBuildPhase section */

/* Begin PBXTargetDependency section */
		04985CF42322992D00813F42 /* PBXTargetDependency */ = {
			isa = PBXTargetDependency;
			target = 04985CDA2322992C00813F42 /* NotificationCenter */;
			targetProxy = 04985CF32322992D00813F42 /* PBXContainerItemProxy */;
		};
/* End PBXTargetDependency section */

/* Begin PBXVariantGroup section */
		04985CE22322992C00813F42 /* Main.storyboard */ = {
			isa = PBXVariantGroup;
			children = (
				04985CE32322992C00813F42 /* Base */,
			);
			name = Main.storyboard;
			sourceTree = "<group>";
		};
		04985CEA2322992D00813F42 /* LaunchScreen.storyboard */ = {
			isa = PBXVariantGroup;
			children = (
				04985CEB2322992D00813F42 /* Base */,
			);
			name = LaunchScreen.storyboard;
			sourceTree = "<group>";
		};
/* End PBXVariantGroup section */

/* Begin XCBuildConfiguration section */
		04985CF92322992D00813F42 /* Debug */ = {
			isa = XCBuildConfiguration;
			buildSettings = {
				ALWAYS_SEARCH_USER_PATHS = NO;
				CLANG_ANALYZER_NONNULL = YES;
				CLANG_ANALYZER_NUMBER_OBJECT_CONVERSION = YES_AGGRESSIVE;
				CLANG_CXX_LANGUAGE_STANDARD = "gnu++14";
				CLANG_CXX_LIBRARY = "libc++";
				CLANG_ENABLE_MODULES = YES;
				CLANG_ENABLE_OBJC_ARC = YES;
				CLANG_ENABLE_OBJC_WEAK = YES;
				CLANG_WARN_BLOCK_CAPTURE_AUTORELEASING = YES;
				CLANG_WARN_BOOL_CONVERSION = YES;
				CLANG_WARN_COMMA = YES;
				CLANG_WARN_CONSTANT_CONVERSION = YES;
				CLANG_WARN_DEPRECATED_OBJC_IMPLEMENTATIONS = YES;
				CLANG_WARN_DIRECT_OBJC_ISA_USAGE = YES_ERROR;
				CLANG_WARN_DOCUMENTATION_COMMENTS = YES;
				CLANG_WARN_EMPTY_BODY = YES;
				CLANG_WARN_ENUM_CONVERSION = YES;
				CLANG_WARN_INFINITE_RECURSION = YES;
				CLANG_WARN_INT_CONVERSION = YES;
				CLANG_WARN_NON_LITERAL_NULL_CONVERSION = YES;
				CLANG_WARN_OBJC_IMPLICIT_RETAIN_SELF = YES;
				CLANG_WARN_OBJC_LITERAL_CONVERSION = YES;
				CLANG_WARN_OBJC_ROOT_CLASS = YES_ERROR;
				CLANG_WARN_RANGE_LOOP_ANALYSIS = YES;
				CLANG_WARN_STRICT_PROTOTYPES = YES;
				CLANG_WARN_SUSPICIOUS_MOVE = YES;
				CLANG_WARN_UNGUARDED_AVAILABILITY = YES_AGGRESSIVE;
				CLANG_WARN_UNREACHABLE_CODE = YES;
				CLANG_WARN__DUPLICATE_METHOD_MATCH = YES;
				CODE_SIGN_IDENTITY = "iPhone Developer";
				COPY_PHASE_STRIP = NO;
				DEBUG_INFORMATION_FORMAT = dwarf;
				ENABLE_STRICT_OBJC_MSGSEND = YES;
				ENABLE_TESTABILITY = YES;
				GCC_C_LANGUAGE_STANDARD = gnu11;
				GCC_DYNAMIC_NO_PIC = NO;
				GCC_NO_COMMON_BLOCKS = YES;
				GCC_OPTIMIZATION_LEVEL = 0;
				GCC_PREPROCESSOR_DEFINITIONS = (
					"DEBUG=1",
					"$(inherited)",
				);
				GCC_WARN_64_TO_32_BIT_CONVERSION = YES;
				GCC_WARN_ABOUT_RETURN_TYPE = YES_ERROR;
				GCC_WARN_UNDECLARED_SELECTOR = YES;
				GCC_WARN_UNINITIALIZED_AUTOS = YES_AGGRESSIVE;
				GCC_WARN_UNUSED_FUNCTION = YES;
				GCC_WARN_UNUSED_VARIABLE = YES;
				IPHONEOS_DEPLOYMENT_TARGET = 12.4;
				MTL_ENABLE_DEBUG_INFO = INCLUDE_SOURCE;
				MTL_FAST_MATH = YES;
				ONLY_ACTIVE_ARCH = YES;
				SDKROOT = iphoneos;
				SWIFT_ACTIVE_COMPILATION_CONDITIONS = DEBUG;
				SWIFT_OPTIMIZATION_LEVEL = "-Onone";
			};
			name = Debug;
		};
		04985CFA2322992D00813F42 /* Release */ = {
			isa = XCBuildConfiguration;
			buildSettings = {
				ALWAYS_SEARCH_USER_PATHS = NO;
				CLANG_ANALYZER_NONNULL = YES;
				CLANG_ANALYZER_NUMBER_OBJECT_CONVERSION = YES_AGGRESSIVE;
				CLANG_CXX_LANGUAGE_STANDARD = "gnu++14";
				CLANG_CXX_LIBRARY = "libc++";
				CLANG_ENABLE_MODULES = YES;
				CLANG_ENABLE_OBJC_ARC = YES;
				CLANG_ENABLE_OBJC_WEAK = YES;
				CLANG_WARN_BLOCK_CAPTURE_AUTORELEASING = YES;
				CLANG_WARN_BOOL_CONVERSION = YES;
				CLANG_WARN_COMMA = YES;
				CLANG_WARN_CONSTANT_CONVERSION = YES;
				CLANG_WARN_DEPRECATED_OBJC_IMPLEMENTATIONS = YES;
				CLANG_WARN_DIRECT_OBJC_ISA_USAGE = YES_ERROR;
				CLANG_WARN_DOCUMENTATION_COMMENTS = YES;
				CLANG_WARN_EMPTY_BODY = YES;
				CLANG_WARN_ENUM_CONVERSION = YES;
				CLANG_WARN_INFINITE_RECURSION = YES;
				CLANG_WARN_INT_CONVERSION = YES;
				CLANG_WARN_NON_LITERAL_NULL_CONVERSION = YES;
				CLANG_WARN_OBJC_IMPLICIT_RETAIN_SELF = YES;
				CLANG_WARN_OBJC_LITERAL_CONVERSION = YES;
				CLANG_WARN_OBJC_ROOT_CLASS = YES_ERROR;
				CLANG_WARN_RANGE_LOOP_ANALYSIS = YES;
				CLANG_WARN_STRICT_PROTOTYPES = YES;
				CLANG_WARN_SUSPICIOUS_MOVE = YES;
				CLANG_WARN_UNGUARDED_AVAILABILITY = YES_AGGRESSIVE;
				CLANG_WARN_UNREACHABLE_CODE = YES;
				CLANG_WARN__DUPLICATE_METHOD_MATCH = YES;
				CODE_SIGN_IDENTITY = "iPhone Developer";
				COPY_PHASE_STRIP = NO;
				DEBUG_INFORMATION_FORMAT = "dwarf-with-dsym";
				ENABLE_NS_ASSERTIONS = NO;
				ENABLE_STRICT_OBJC_MSGSEND = YES;
				GCC_C_LANGUAGE_STANDARD = gnu11;
				GCC_NO_COMMON_BLOCKS = YES;
				GCC_WARN_64_TO_32_BIT_CONVERSION = YES;
				GCC_WARN_ABOUT_RETURN_TYPE = YES_ERROR;
				GCC_WARN_UNDECLARED_SELECTOR = YES;
				GCC_WARN_UNINITIALIZED_AUTOS = YES_AGGRESSIVE;
				GCC_WARN_UNUSED_FUNCTION = YES;
				GCC_WARN_UNUSED_VARIABLE = YES;
				IPHONEOS_DEPLOYMENT_TARGET = 12.4;
				MTL_ENABLE_DEBUG_INFO = NO;
				MTL_FAST_MATH = YES;
				SDKROOT = iphoneos;
				SWIFT_COMPILATION_MODE = wholemodule;
				SWIFT_OPTIMIZATION_LEVEL = "-O";
				VALIDATE_PRODUCT = YES;
			};
			name = Release;
		};
		04985CFC2322992D00813F42 /* Debug */ = {
			isa = XCBuildConfiguration;
			buildSettings = {
				ASSETCATALOG_COMPILER_APPICON_NAME = AppIcon;
				CODE_SIGN_STYLE = Automatic;
				INFOPLIST_FILE = NotificationCenter/Info.plist;
				LD_RUNPATH_SEARCH_PATHS = (
					"$(inherited)",
					"@executable_path/Frameworks",
				);
				PRODUCT_BUNDLE_IDENTIFIER = Z.K.NotificationCenter;
				PRODUCT_NAME = "$(TARGET_NAME)";
				SWIFT_VERSION = 5.0;
				TARGETED_DEVICE_FAMILY = "1,2";
			};
			name = Debug;
		};
		04985CFD2322992D00813F42 /* Release */ = {
			isa = XCBuildConfiguration;
			buildSettings = {
				ASSETCATALOG_COMPILER_APPICON_NAME = AppIcon;
				CODE_SIGN_STYLE = Automatic;
				INFOPLIST_FILE = NotificationCenter/Info.plist;
				LD_RUNPATH_SEARCH_PATHS = (
					"$(inherited)",
					"@executable_path/Frameworks",
				);
				PRODUCT_BUNDLE_IDENTIFIER = Z.K.NotificationCenter;
				PRODUCT_NAME = "$(TARGET_NAME)";
				SWIFT_VERSION = 5.0;
				TARGETED_DEVICE_FAMILY = "1,2";
			};
			name = Release;
		};
		04985CFF2322992D00813F42 /* Debug */ = {
			isa = XCBuildConfiguration;
			buildSettings = {
				ALWAYS_EMBED_SWIFT_STANDARD_LIBRARIES = YES;
				BUNDLE_LOADER = "$(TEST_HOST)";
				CODE_SIGN_STYLE = Automatic;
				INFOPLIST_FILE = NotificationCenterTests/Info.plist;
				LD_RUNPATH_SEARCH_PATHS = (
					"$(inherited)",
					"@executable_path/Frameworks",
					"@loader_path/Frameworks",
				);
				PRODUCT_BUNDLE_IDENTIFIER = Z.K.NotificationCenterTests;
				PRODUCT_NAME = "$(TARGET_NAME)";
				SWIFT_VERSION = 5.0;
				TARGETED_DEVICE_FAMILY = "1,2";
				TEST_HOST = "$(BUILT_PRODUCTS_DIR)/NotificationCenter.app/NotificationCenter";
			};
			name = Debug;
		};
		04985D002322992D00813F42 /* Release */ = {
			isa = XCBuildConfiguration;
			buildSettings = {
				ALWAYS_EMBED_SWIFT_STANDARD_LIBRARIES = YES;
				BUNDLE_LOADER = "$(TEST_HOST)";
				CODE_SIGN_STYLE = Automatic;
				INFOPLIST_FILE = NotificationCenterTests/Info.plist;
				LD_RUNPATH_SEARCH_PATHS = (
					"$(inherited)",
					"@executable_path/Frameworks",
					"@loader_path/Frameworks",
				);
				PRODUCT_BUNDLE_IDENTIFIER = Z.K.NotificationCenterTests;
				PRODUCT_NAME = "$(TARGET_NAME)";
				SWIFT_VERSION = 5.0;
				TARGETED_DEVICE_FAMILY = "1,2";
				TEST_HOST = "$(BUILT_PRODUCTS_DIR)/NotificationCenter.app/NotificationCenter";
			};
			name = Release;
		};
/* End XCBuildConfiguration section */

/* Begin XCConfigurationList section */
		04985CD62322992C00813F42 /* Build configuration list for PBXProject "NotificationCenter" */ = {
			isa = XCConfigurationList;
			buildConfigurations = (
				04985CF92322992D00813F42 /* Debug */,
				04985CFA2322992D00813F42 /* Release */,
			);
			defaultConfigurationIsVisible = 0;
			defaultConfigurationName = Release;
		};
		04985CFB2322992D00813F42 /* Build configuration list for PBXNativeTarget "NotificationCenter" */ = {
			isa = XCConfigurationList;
			buildConfigurations = (
				04985CFC2322992D00813F42 /* Debug */,
				04985CFD2322992D00813F42 /* Release */,
			);
			defaultConfigurationIsVisible = 0;
			defaultConfigurationName = Release;
		};
		04985CFE2322992D00813F42 /* Build configuration list for PBXNativeTarget "NotificationCenterTests" */ = {
			isa = XCConfigurationList;
			buildConfigurations = (
				04985CFF2322992D00813F42 /* Debug */,
				04985D002322992D00813F42 /* Release */,
			);
			defaultConfigurationIsVisible = 0;
			defaultConfigurationName = Release;
		};
/* End XCConfigurationList section */

/* Begin XCVersionGroup section */
		04985CE52322992C00813F42 /* NotificationCenter.xcdatamodeld */ = {
			isa = XCVersionGroup;
			children = (
				04985CE62322992C00813F42 /* NotificationCenter.xcdatamodel */,
			);
			currentVersion = 04985CE62322992C00813F42 /* NotificationCenter.xcdatamodel */;
			path = NotificationCenter.xcdatamodeld;
			sourceTree = "<group>";
			versionGroupType = wrapper.xcdatamodel;
		};
/* End XCVersionGroup section */
	};
	rootObject = 04985CD32322992C00813F42 /* Project object */;
}
